{
  "version": 4,
  "terraform_version": "1.15.8",
  "serial": 54,
  "lineage": "c523bd2c-3ab2-23f6-4a1f-39fb20d46c9d",
  "outputs": {
    "artifact_registry_repository_url": {
      "value": "asia-south1-docker.pkg.dev/fpa-project-504313/fpa-repo",
      "type": "string"
    },
    "dataflow_staging_bucket_name": {
      "value": "fpa-project-504313-dataflow-storage",
      "type": "string"
    },
    "dataflow_worker_service_account": {
      "value": "dataflow-worker@fpa-project-504313.iam.gserviceaccount.com",
      "type": "string"
    },
    "db_connection_name": {
      "value": "fpa-project-504313:asia-south1:fpa-budget-db",
      "type": "string"
    },
    "fastapi_ingester_service_account": {
      "value": "fastapi-ingester@fpa-project-504313.iam.gserviceaccount.com",
      "type": "string"
    },
    "fastapi_reporting_service_account": {
      "value": "fastapi-reporting@fpa-project-504313.iam.gserviceaccount.com",
      "type": "string"
    },
    "github_deployer_service_account_email": {
      "value": "github-deployer@fpa-project-504313.iam.gserviceaccount.com",
      "type": "string"
    },
    "redis_host": {
      "value": "10.206.155.155",
      "type": "string"
    },
    "vpc_connector_name": {
      "value": "fpa-vpc-connector",
      "type": "string"
    },
    "workload_identity_provider_name": {
      "value": "projects/26520992097/locations/global/workloadIdentityPools/fpa-github-pool/providers/fpa-github-provider",
      "type": "string"
    }
  },
  "resources": [
    {
      "mode": "managed",
      "type": "google_artifact_registry_repository",
      "name": "fpa_repo",
      "provider": "provider[\"registry.terraform.io/hashicorp/google\"]",
      "instances": [
        {
          "schema_version": 0,
          "attributes": {
            "cleanup_policies": [],
            "cleanup_policy_dry_run": false,
            "create_time": "2026-08-02T13:56:31.252183Z",
            "description": "Docker repository for FP\u0026A microservices",
            "docker_config": [],
            "effective_labels": {},
            "format": "DOCKER",
            "id": "projects/fpa-project-504313/locations/asia-south1/repositories/fpa-repo",
            "kms_key_name": "",
            "labels": {},
            "location": "asia-south1",
            "maven_config": [],
            "mode": "STANDARD_REPOSITORY",
            "name": "fpa-repo",
            "project": "fpa-project-504313",
            "remote_repository_config": [],
            "repository_id": "fpa-repo",
            "terraform_labels": {},
            "timeouts": null,
            "update_time": "2026-08-02T20:19:38.961589Z",
            "virtual_repository_config": []
          },
          "sensitive_attributes": [],
          "identity_schema_version": 0,
          "private": "eyJlMmJmYjczMC1lY2FhLTExZTYtOGY4OC0zNDM2M2JjN2M0YzAiOnsiY3JlYXRlIjoxMjAwMDAwMDAwMDAwLCJkZWxldGUiOjEyMDAwMDAwMDAwMDAsInVwZGF0ZSI6MTIwMDAwMDAwMDAwMH19",
          "dependencies": [
            "google_project_service.enabled_apis"
          ]
        }
      ]
    },
    {
      "mode": "managed",
      "type": "google_bigquery_connection",
      "name": "fpa_postgres",
      "provider": "provider[\"registry.terraform.io/hashicorp/google\"]",
      "instances": [
        {
          "schema_version": 0,
          "attributes": {
            "aws": [],
            "azure": [],
            "cloud_resource": [],
            "cloud_spanner": [],
            "cloud_sql": [
              {
                "credential": [
                  {
                    "password": "DummyPassword123!",
                    "username": "pgadmin"
                  }
                ],
                "database": "budget_registry",
                "instance_id": "fpa-project-504313:asia-south1:fpa-budget-db",
                "service_account_id": "service-26520992097@gcp-sa-bigqueryconnection.iam.gserviceaccount.com",
                "type": "POSTGRES"
              }
            ],
            "connection_id": "fpa-postgres-connection",
            "description": "Link from BigQuery to Cloud SQL Postgres budget instance",
            "friendly_name": "FP\u0026A Cloud SQL Connection",
            "has_credential": true,
            "id": "projects/fpa-project-504313/locations/asia-south1/connections/fpa-postgres-connection",
            "kms_key_name": "",
            "location": "asia-south1",
            "name": "projects/26520992097/locations/asia-south1/connections/fpa-postgres-connection",
            "project": "fpa-project-504313",
            "spark": [],
            "timeouts": null
          },
          "sensitive_attributes": [
            [
              {
                "type": "get_attr",
                "value": "cloud_sql"
              },
              {
                "type": "index",
                "value": {
                  "value": 0,
                  "type": "number"
                }
              },
              {
                "type": "get_attr",
                "value": "credential"
              },
              {
                "type": "index",
                "value": {
                  "value": 0,
                  "type": "number"
                }
              },
              {
                "type": "get_attr",
                "value": "password"
              }
            ]
          ],
          "identity_schema_version": 0,
          "private": "eyJlMmJmYjczMC1lY2FhLTExZTYtOGY4OC0zNDM2M2JjN2M0YzAiOnsiY3JlYXRlIjoxMjAwMDAwMDAwMDAwLCJkZWxldGUiOjEyMDAwMDAwMDAwMDAsInVwZGF0ZSI6MTIwMDAwMDAwMDAwMH19",
          "dependencies": [
            "google_project_service.enabled_apis",
            "google_sql_database.budget_registry",
            "google_sql_database_instance.postgres",
            "google_sql_user.pgadmin"
          ]
        }
      ]
    },
    {
      "mode": "managed",
      "type": "google_bigquery_dataset",
      "name": "fpa_analytics",
      "provider": "provider[\"registry.terraform.io/hashicorp/google\"]",
      "instances": [
        {
          "schema_version": 0,
          "attributes": {
            "access": [
              {
                "dataset": [],
                "domain": "",
                "group_by_email": "",
                "iam_member": "",
                "role": "OWNER",
                "routine": [],
                "special_group": "",
                "user_by_email": "taaran9499@gmail.com",
                "view": []
              },
              {
                "dataset": [],
                "domain": "",
                "group_by_email": "",
                "iam_member": "",
                "role": "OWNER",
                "routine": [],
                "special_group": "projectOwners",
                "user_by_email": "",
                "view": []
              },
              {
                "dataset": [],
                "domain": "",
                "group_by_email": "",
                "iam_member": "",
                "role": "READER",
                "routine": [],
                "special_group": "projectReaders",
                "user_by_email": "",
                "view": []
              },
              {
                "dataset": [],
                "domain": "",
                "group_by_email": "",
                "iam_member": "",
                "role": "WRITER",
                "routine": [],
                "special_group": "projectWriters",
                "user_by_email": "",
                "view": []
              }
            ],
            "creation_time": 1785678896340,
            "dataset_id": "fpa_analytics",
            "default_collation": "",
            "default_encryption_configuration": [],
            "default_partition_expiration_ms": 0,
            "default_table_expiration_ms": 0,
            "delete_contents_on_destroy": false,
            "description": "Contains transaction audit logs and windowed department budget aggregations.",
            "effective_labels": {},
            "etag": "KkkeTSYOhnL+yVlHi5d3fQ==",
            "external_dataset_reference": [],
            "friendly_name": "FP\u0026A Analytics Dataset",
            "id": "projects/fpa-project-504313/datasets/fpa_analytics",
            "is_case_insensitive": false,
            "labels": {},
            "last_modified_time": 1785678896340,
            "location": "asia-south1",
            "max_time_travel_hours": "168",
            "project": "fpa-project-504313",
            "self_link": "https://bigquery.googleapis.com/bigquery/v2/projects/fpa-project-504313/datasets/fpa_analytics",
            "storage_billing_model": "",
            "terraform_labels": {},
            "timeouts": null
          },
          "sensitive_attributes": [],
          "identity_schema_version": 0,
          "private": "eyJlMmJmYjczMC1lY2FhLTExZTYtOGY4OC0zNDM2M2JjN2M0YzAiOnsiY3JlYXRlIjoxMjAwMDAwMDAwMDAwLCJkZWxldGUiOjEyMDAwMDAwMDAwMDAsInVwZGF0ZSI6MTIwMDAwMDAwMDAwMH19",
          "dependencies": [
            "google_project_service.enabled_apis"
          ]
        }
      ]
    },
    {
      "mode": "managed",
      "type": "google_bigquery_table",
      "name": "hourly_budget_aggregates",
      "provider": "provider[\"registry.terraform.io/hashicorp/google\"]",
      "instances": [
        {
          "schema_version": 0,
          "attributes": {
            "clustering": [
              "department_id"
            ],
            "creation_time": 1785678901239,
            "dataset_id": "fpa_analytics",
            "deletion_protection": false,
            "description": "",
            "effective_labels": {},
            "encryption_configuration": [],
            "etag": "24AbxKnLJdH+BhkowL28xg==",
            "expiration_time": 0,
            "external_data_configuration": [],
            "friendly_name": "",
            "id": "projects/fpa-project-504313/datasets/fpa_analytics/tables/hourly_budget_aggregates",
            "labels": {},
            "last_modified_time": 1785678901339,
            "location": "asia-south1",
            "materialized_view": [],
            "max_staleness": "",
            "num_bytes": 0,
            "num_long_term_bytes": 0,
            "num_rows": 0,
            "project": "fpa-project-504313",
            "range_partitioning": [],
            "require_partition_filter": false,
            "schema": "[{\"mode\":\"REQUIRED\",\"name\":\"department_id\",\"type\":\"STRING\"},{\"mode\":\"REQUIRED\",\"name\":\"window_start\",\"type\":\"TIMESTAMP\"},{\"mode\":\"REQUIRED\",\"name\":\"total_spend\",\"type\":\"FLOAT\"},{\"mode\":\"REQUIRED\",\"name\":\"budget_limit\",\"type\":\"FLOAT\"},{\"mode\":\"REQUIRED\",\"name\":\"variance\",\"type\":\"FLOAT\"}]",
            "self_link": "https://bigquery.googleapis.com/bigquery/v2/projects/fpa-project-504313/datasets/fpa_analytics/tables/hourly_budget_aggregates",
            "table_constraints": [],
            "table_id": "hourly_budget_aggregates",
            "table_replication_info": [],
            "terraform_labels": {},
            "time_partitioning": [
              {
                "expiration_ms": 0,
                "field": "window_start",
                "require_partition_filter": false,
                "type": "HOUR"
              }
            ],
            "type": "TABLE",
            "view": []
          },
          "sensitive_attributes": [],
          "identity_schema_version": 0,
          "private": "bnVsbA==",
          "dependencies": [
            "google_bigquery_dataset.fpa_analytics",
            "google_project_service.enabled_apis"
          ]
        }
      ]
    },
    {
      "mode": "managed",
      "type": "google_bigquery_table",
      "name": "transactions_raw",
      "provider": "provider[\"registry.terraform.io/hashicorp/google\"]",
      "instances": [
        {
          "schema_version": 0,
          "attributes": {
            "clustering": [
              "department_id",
              "category"
            ],
            "creation_time": 1785678900130,
            "dataset_id": "fpa_analytics",
            "deletion_protection": false,
            "description": "",
            "effective_labels": {},
            "encryption_configuration": [],
            "etag": "MF+FUJI97HnrO8dI8hwscw==",
            "expiration_time": 0,
            "external_data_configuration": [],
            "friendly_name": "",
            "id": "projects/fpa-project-504313/datasets/fpa_analytics/tables/transactions_raw",
            "labels": {},
            "last_modified_time": 1785678900235,
            "location": "asia-south1",
            "materialized_view": [],
            "max_staleness": "",
            "num_bytes": 0,
            "num_long_term_bytes": 0,
            "num_rows": 0,
            "project": "fpa-project-504313",
            "range_partitioning": [],
            "require_partition_filter": false,
            "schema": "[{\"mode\":\"REQUIRED\",\"name\":\"transaction_id\",\"type\":\"STRING\"},{\"mode\":\"REQUIRED\",\"name\":\"timestamp\",\"type\":\"TIMESTAMP\"},{\"mode\":\"REQUIRED\",\"name\":\"department_id\",\"type\":\"STRING\"},{\"mode\":\"REQUIRED\",\"name\":\"amount\",\"type\":\"FLOAT\"},{\"mode\":\"REQUIRED\",\"name\":\"currency\",\"type\":\"STRING\"},{\"mode\":\"NULLABLE\",\"name\":\"category\",\"type\":\"STRING\"},{\"mode\":\"NULLABLE\",\"name\":\"vendor\",\"type\":\"STRING\"}]",
            "self_link": "https://bigquery.googleapis.com/bigquery/v2/projects/fpa-project-504313/datasets/fpa_analytics/tables/transactions_raw",
            "table_constraints": [],
            "table_id": "transactions_raw",
            "table_replication_info": [],
            "terraform_labels": {},
            "time_partitioning": [
              {
                "expiration_ms": 0,
                "field": "timestamp",
                "require_partition_filter": false,
                "type": "DAY"
              }
            ],
            "type": "TABLE",
            "view": []
          },
          "sensitive_attributes": [],
          "identity_schema_version": 0,
          "private": "bnVsbA==",
          "dependencies": [
            "google_bigquery_dataset.fpa_analytics",
            "google_project_service.enabled_apis"
          ]
        }
      ]
    },
    {
      "mode": "managed",
      "type": "google_compute_network",
      "name": "fpa_vpc",
      "provider": "provider[\"registry.terraform.io/hashicorp/google\"]",
      "instances": [
        {
          "schema_version": 0,
          "attributes": {
            "auto_create_subnetworks": false,
            "delete_default_routes_on_create": false,
            "description": "",
            "enable_ula_internal_ipv6": false,
            "gateway_ipv4": "",
            "id": "projects/fpa-project-504313/global/networks/fpa-vpc",
            "internal_ipv6_range": "",
            "mtu": 0,
            "name": "fpa-vpc",
            "network_firewall_policy_enforcement_order": "AFTER_CLASSIC_FIREWALL",
            "numeric_id": "4236629501280449172",
            "project": "fpa-project-504313",
            "routing_mode": "REGIONAL",
            "self_link": "https://www.googleapis.com/compute/v1/projects/fpa-project-504313/global/networks/fpa-vpc",
            "timeouts": null
          },
          "sensitive_attributes": [],
          "identity_schema_version": 0,
          "private": "eyJlMmJmYjczMC1lY2FhLTExZTYtOGY4OC0zNDM2M2JjN2M0YzAiOnsiY3JlYXRlIjoxMjAwMDAwMDAwMDAwLCJkZWxldGUiOjEyMDAwMDAwMDAwMDAsInVwZGF0ZSI6MTIwMDAwMDAwMDAwMH19",
          "dependencies": [
            "google_project_service.enabled_apis"
          ]
        }
      ]
    },
    {
      "mode": "managed",
      "type": "google_compute_subnetwork",
      "name": "fpa_subnet",
      "provider": "provider[\"registry.terraform.io/hashicorp/google\"]",
      "instances": [
        {
          "schema_version": 0,
          "attributes": {
            "creation_timestamp": "2026-08-02T06:57:04.327-07:00",
            "description": "",
            "external_ipv6_prefix": "",
            "fingerprint": null,
            "gateway_address": "10.0.0.1",
            "id": "projects/fpa-project-504313/regions/asia-south1/subnetworks/fpa-subnet",
            "internal_ipv6_prefix": "",
            "ip_cidr_range": "10.0.0.0/24",
            "ipv6_access_type": "",
            "ipv6_cidr_range": "",
            "log_config": [],
            "name": "fpa-subnet",
            "network": "https://www.googleapis.com/compute/v1/projects/fpa-project-504313/global/networks/fpa-vpc",
            "private_ip_google_access": false,
            "private_ipv6_google_access": "DISABLE_GOOGLE_ACCESS",
            "project": "fpa-project-504313",
            "purpose": "PRIVATE",
            "region": "asia-south1",
            "role": "",
            "secondary_ip_range": [],
            "self_link": "https://www.googleapis.com/compute/v1/projects/fpa-project-504313/regions/asia-south1/subnetworks/fpa-subnet",
            "stack_type": "IPV4_ONLY",
            "timeouts": null
          },
          "sensitive_attributes": [],
          "identity_schema_version": 0,
          "private": "eyJlMmJmYjczMC1lY2FhLTExZTYtOGY4OC0zNDM2M2JjN2M0YzAiOnsiY3JlYXRlIjoxMjAwMDAwMDAwMDAwLCJkZWxldGUiOjEyMDAwMDAwMDAwMDAsInVwZGF0ZSI6MTIwMDAwMDAwMDAwMH19",
          "dependencies": [
            "google_compute_network.fpa_vpc",
            "google_project_service.enabled_apis"
          ]
        }
      ]
    },
    {
      "mode": "managed",
      "type": "google_iam_workload_identity_pool",
      "name": "github_pool",
      "provider": "provider[\"registry.terraform.io/hashicorp/google\"]",
      "instances": [
        {
          "schema_version": 0,
          "attributes": {
            "description": "Identity pool for GitHub Actions authentication",
            "disabled": false,
            "display_name": "FP\u0026A GitHub Actions Pool",
            "id": "projects/fpa-project-504313/locations/global/workloadIdentityPools/fpa-github-pool",
            "name": "projects/26520992097/locations/global/workloadIdentityPools/fpa-github-pool",
            "project": "fpa-project-504313",
            "state": "ACTIVE",
            "timeouts": null,
            "workload_identity_pool_id": "fpa-github-pool"
          },
          "sensitive_attributes": [],
          "identity_schema_version": 0,
          "private": "eyJlMmJmYjczMC1lY2FhLTExZTYtOGY4OC0zNDM2M2JjN2M0YzAiOnsiY3JlYXRlIjoxMjAwMDAwMDAwMDAwLCJkZWxldGUiOjEyMDAwMDAwMDAwMDAsInVwZGF0ZSI6MTIwMDAwMDAwMDAwMH19",
          "dependencies": [
            "google_project_service.enabled_apis"
          ]
        }
      ]
    },
    {
      "mode": "managed",
      "type": "google_iam_workload_identity_pool_provider",
      "name": "github_provider",
      "provider": "provider[\"registry.terraform.io/hashicorp/google\"]",
      "instances": [
        {
          "schema_version": 0,
          "attributes": {
            "attribute_condition": "attribute.repository == 'perfectdash/FPA'",
            "attribute_mapping": {
              "attribute.actor": "assertion.actor",
              "attribute.repository": "assertion.repository",
              "google.subject": "assertion.sub"
            },
            "aws": [],
            "description": "",
            "disabled": false,
            "display_name": "FP\u0026A GitHub Actions Provider",
            "id": "projects/fpa-project-504313/locations/global/workloadIdentityPools/fpa-github-pool/providers/fpa-github-provider",
            "name": "projects/26520992097/locations/global/workloadIdentityPools/fpa-github-pool/providers/fpa-github-provider",
            "oidc": [
              {
                "allowed_audiences": [],
                "issuer_uri": "https://token.actions.githubusercontent.com",
                "jwks_json": ""
              }
            ],
            "project": "fpa-project-504313",
            "saml": [],
            "state": "ACTIVE",
            "timeouts": null,
            "workload_identity_pool_id": "fpa-github-pool",
            "workload_identity_pool_provider_id": "fpa-github-provider"
          },
          "sensitive_attributes": [],
          "identity_schema_version": 0,
          "private": "eyJlMmJmYjczMC1lY2FhLTExZTYtOGY4OC0zNDM2M2JjN2M0YzAiOnsiY3JlYXRlIjoxMjAwMDAwMDAwMDAwLCJkZWxldGUiOjEyMDAwMDAwMDAwMDAsInVwZGF0ZSI6MTIwMDAwMDAwMDAwMH19",
          "dependencies": [
            "google_iam_workload_identity_pool.github_pool",
            "google_project_service.enabled_apis"
          ]
        }
      ]
    },
    {
      "mode": "managed",
      "type": "google_project_iam_member",
      "name": "dataflow_roles",
      "provider": "provider[\"registry.terraform.io/hashicorp/google\"]",
      "instances": [
        {
          "index_key": "roles/artifactregistry.reader",
          "schema_version": 0,
          "attributes": {
            "condition": [],
            "etag": "BwZYEOxQw7M=",
            "id": "fpa-project-504313/roles/artifactregistry.reader/serviceAccount:dataflow-worker@fpa-project-504313.iam.gserviceaccount.com",
            "member": "serviceAccount:dataflow-worker@fpa-project-504313.iam.gserviceaccount.com",
            "project": "fpa-project-504313",
            "role": "roles/artifactregistry.reader"
          },
          "sensitive_attributes": [],
          "identity_schema_version": 0,
          "private": "bnVsbA==",
          "dependencies": [
            "google_project_service.enabled_apis",
            "google_service_account.dataflow_worker"
          ]
        },
        {
          "index_key": "roles/bigquery.dataEditor",
          "schema_version": 0,
          "attributes": {
            "condition": [],
            "etag": "BwZYEOxQw7M=",
            "id": "fpa-project-504313/roles/bigquery.dataEditor/serviceAccount:dataflow-worker@fpa-project-504313.iam.gserviceaccount.com",
            "member": "serviceAccount:dataflow-worker@fpa-project-504313.iam.gserviceaccount.com",
            "project": "fpa-project-504313",
            "role": "roles/bigquery.dataEditor"
          },
          "sensitive_attributes": [],
          "identity_schema_version": 0,
          "private": "bnVsbA==",
          "dependencies": [
            "google_project_service.enabled_apis",
            "google_service_account.dataflow_worker"
          ]
        },
        {
          "index_key": "roles/cloudsql.client",
          "schema_version": 0,
          "attributes": {
            "condition": [],
            "etag": "BwZYEOxQw7M=",
            "id": "fpa-project-504313/roles/cloudsql.client/serviceAccount:dataflow-worker@fpa-project-504313.iam.gserviceaccount.com",
            "member": "serviceAccount:dataflow-worker@fpa-project-504313.iam.gserviceaccount.com",
            "project": "fpa-project-504313",
            "role": "roles/cloudsql.client"
          },
          "sensitive_attributes": [],
          "identity_schema_version": 0,
          "private": "bnVsbA==",
          "dependencies": [
            "google_project_service.enabled_apis",
            "google_service_account.dataflow_worker"
          ]
        },
        {
          "index_key": "roles/dataflow.worker",
          "schema_version": 0,
          "attributes": {
            "condition": [],
            "etag": "BwZYEOxQw7M=",
            "id": "fpa-project-504313/roles/dataflow.worker/serviceAccount:dataflow-worker@fpa-project-504313.iam.gserviceaccount.com",
            "member": "serviceAccount:dataflow-worker@fpa-project-504313.iam.gserviceaccount.com",
            "project": "fpa-project-504313",
            "role": "roles/dataflow.worker"
          },
          "sensitive_attributes": [],
          "identity_schema_version": 0,
          "private": "bnVsbA==",
          "dependencies": [
            "google_project_service.enabled_apis",
            "google_service_account.dataflow_worker"
          ]
        },
        {
          "index_key": "roles/pubsub.publisher",
          "schema_version": 0,
          "attributes": {
            "condition": [],
            "etag": "BwZYEOxQw7M=",
            "id": "fpa-project-504313/roles/pubsub.publisher/serviceAccount:dataflow-worker@fpa-project-504313.iam.gserviceaccount.com",
            "member": "serviceAccount:dataflow-worker@fpa-project-504313.iam.gserviceaccount.com",
            "project": "fpa-project-504313",
            "role": "roles/pubsub.publisher"
          },
          "sensitive_attributes": [],
          "identity_schema_version": 0,
          "private": "bnVsbA==",
          "dependencies": [
            "google_project_service.enabled_apis",
            "google_service_account.dataflow_worker"
          ]
        },
        {
          "index_key": "roles/pubsub.subscriber",
          "schema_version": 0,
          "attributes": {
            "condition": [],
            "etag": "BwZYEOxQw7M=",
            "id": "fpa-project-504313/roles/pubsub.subscriber/serviceAccount:dataflow-worker@fpa-project-504313.iam.gserviceaccount.com",
            "member": "serviceAccount:dataflow-worker@fpa-project-504313.iam.gserviceaccount.com",
            "project": "fpa-project-504313",
            "role": "roles/pubsub.subscriber"
          },
          "sensitive_attributes": [],
          "identity_schema_version": 0,
          "private": "bnVsbA==",
          "dependencies": [
            "google_project_service.enabled_apis",
            "google_service_account.dataflow_worker"
          ]
        },
        {
          "index_key": "roles/pubsub.viewer",
          "schema_version": 0,
          "attributes": {
            "condition": [],
            "etag": "BwZYHS6Z3no=",
            "id": "fpa-project-504313/roles/pubsub.viewer/serviceAccount:dataflow-worker@fpa-project-504313.iam.gserviceaccount.com",
            "member": "serviceAccount:dataflow-worker@fpa-project-504313.iam.gserviceaccount.com",
            "project": "fpa-project-504313",
            "role": "roles/pubsub.viewer"
          },
          "sensitive_attributes": [],
          "identity_schema_version": 0,
          "private": "bnVsbA==",
          "dependencies": [
            "google_project_service.enabled_apis",
            "google_service_account.dataflow_worker"
          ]
        }
      ]
    },
    {
      "mode": "managed",
      "type": "google_project_iam_member",
      "name": "github_deployer_roles",
      "provider": "provider[\"registry.terraform.io/hashicorp/google\"]",
      "instances": [
        {
          "index_key": "roles/artifactregistry.writer",
          "schema_version": 0,
          "attributes": {
            "condition": [],
            "etag": "BwZYEOxQw7M=",
            "id": "fpa-project-504313/roles/artifactregistry.writer/serviceAccount:github-deployer@fpa-project-504313.iam.gserviceaccount.com",
            "member": "serviceAccount:github-deployer@fpa-project-504313.iam.gserviceaccount.com",
            "project": "fpa-project-504313",
            "role": "roles/artifactregistry.writer"
          },
          "sensitive_attributes": [],
          "identity_schema_version": 0,
          "private": "bnVsbA==",
          "dependencies": [
            "google_project_service.enabled_apis",
            "google_service_account.github_deployer"
          ]
        },
        {
          "index_key": "roles/dataflow.developer",
          "schema_version": 0,
          "attributes": {
            "condition": [],
            "etag": "BwZYEOxQw7M=",
            "id": "fpa-project-504313/roles/dataflow.developer/serviceAccount:github-deployer@fpa-project-504313.iam.gserviceaccount.com",
            "member": "serviceAccount:github-deployer@fpa-project-504313.iam.gserviceaccount.com",
            "project": "fpa-project-504313",
            "role": "roles/dataflow.developer"
          },
          "sensitive_attributes": [],
          "identity_schema_version": 0,
          "private": "bnVsbA==",
          "dependencies": [
            "google_project_service.enabled_apis",
            "google_service_account.github_deployer"
          ]
        },
        {
          "index_key": "roles/iam.serviceAccountUser",
          "schema_version": 0,
          "attributes": {
            "condition": [],
            "etag": "BwZYEOxQw7M=",
            "id": "fpa-project-504313/roles/iam.serviceAccountUser/serviceAccount:github-deployer@fpa-project-504313.iam.gserviceaccount.com",
            "member": "serviceAccount:github-deployer@fpa-project-504313.iam.gserviceaccount.com",
            "project": "fpa-project-504313",
            "role": "roles/iam.serviceAccountUser"
          },
          "sensitive_attributes": [],
          "identity_schema_version": 0,
          "private": "bnVsbA==",
          "dependencies": [
            "google_project_service.enabled_apis",
            "google_service_account.github_deployer"
          ]
        },
        {
          "index_key": "roles/run.admin",
          "schema_version": 0,
          "attributes": {
            "condition": [],
            "etag": "BwZYEOxQw7M=",
            "id": "fpa-project-504313/roles/run.admin/serviceAccount:github-deployer@fpa-project-504313.iam.gserviceaccount.com",
            "member": "serviceAccount:github-deployer@fpa-project-504313.iam.gserviceaccount.com",
            "project": "fpa-project-504313",
            "role": "roles/run.admin"
          },
          "sensitive_attributes": [],
          "identity_schema_version": 0,
          "private": "bnVsbA==",
          "dependencies": [
            "google_project_service.enabled_apis",
            "google_service_account.github_deployer"
          ]
        }
      ]
    },
    {
      "mode": "managed",
      "type": "google_project_iam_member",
      "name": "ingester_pubsub",
      "provider": "provider[\"registry.terraform.io/hashicorp/google\"]",
      "instances": [
        {
          "schema_version": 0,
          "attributes": {
            "condition": [],
            "etag": "BwZYEOxQw7M=",
            "id": "fpa-project-504313/roles/pubsub.publisher/serviceAccount:fastapi-ingester@fpa-project-504313.iam.gserviceaccount.com",
            "member": "serviceAccount:fastapi-ingester@fpa-project-504313.iam.gserviceaccount.com",
            "project": "fpa-project-504313",
            "role": "roles/pubsub.publisher"
          },
          "sensitive_attributes": [],
          "identity_schema_version": 0,
          "private": "bnVsbA==",
          "dependencies": [
            "google_project_service.enabled_apis",
            "google_service_account.fastapi_ingester"
          ]
        }
      ]
    },
    {
      "mode": "managed",
      "type": "google_project_iam_member",
      "name": "reporting_roles",
      "provider": "provider[\"registry.terraform.io/hashicorp/google\"]",
      "instances": [
        {
          "index_key": "roles/bigquery.dataViewer",
          "schema_version": 0,
          "attributes": {
            "condition": [],
            "etag": "BwZYEOxQw7M=",
            "id": "fpa-project-504313/roles/bigquery.dataViewer/serviceAccount:fastapi-reporting@fpa-project-504313.iam.gserviceaccount.com",
            "member": "serviceAccount:fastapi-reporting@fpa-project-504313.iam.gserviceaccount.com",
            "project": "fpa-project-504313",
            "role": "roles/bigquery.dataViewer"
          },
          "sensitive_attributes": [],
          "identity_schema_version": 0,
          "private": "bnVsbA==",
          "dependencies": [
            "google_project_service.enabled_apis",
            "google_service_account.fastapi_reporting"
          ]
        },
        {
          "index_key": "roles/bigquery.jobUser",
          "schema_version": 0,
          "attributes": {
            "condition": [],
            "etag": "BwZYEOxQw7M=",
            "id": "fpa-project-504313/roles/bigquery.jobUser/serviceAccount:fastapi-reporting@fpa-project-504313.iam.gserviceaccount.com",
            "member": "serviceAccount:fastapi-reporting@fpa-project-504313.iam.gserviceaccount.com",
            "project": "fpa-project-504313",
            "role": "roles/bigquery.jobUser"
          },
          "sensitive_attributes": [],
          "identity_schema_version": 0,
          "private": "bnVsbA==",
          "dependencies": [
            "google_project_service.enabled_apis",
            "google_service_account.fastapi_reporting"
          ]
        }
      ]
    },
    {
      "mode": "managed",
      "type": "google_project_service",
      "name": "enabled_apis",
      "provider": "provider[\"registry.terraform.io/hashicorp/google\"]",
      "instances": [
        {
          "index_key": "artifactregistry.googleapis.com",
          "schema_version": 0,
          "attributes": {
            "disable_dependent_services": null,
            "disable_on_destroy": false,
            "id": "fpa-project-504313/artifactregistry.googleapis.com",
            "project": "fpa-project-504313",
            "service": "artifactregistry.googleapis.com",
            "timeouts": null
          },
          "sensitive_attributes": [],
          "identity_schema_version": 0,
          "private": "eyJlMmJmYjczMC1lY2FhLTExZTYtOGY4OC0zNDM2M2JjN2M0YzAiOnsiY3JlYXRlIjoxMjAwMDAwMDAwMDAwLCJkZWxldGUiOjEyMDAwMDAwMDAwMDAsInJlYWQiOjYwMDAwMDAwMDAwMCwidXBkYXRlIjoxMjAwMDAwMDAwMDAwfX0="
        },
        {
          "index_key": "bigquery.googleapis.com",
          "schema_version": 0,
          "attributes": {
            "disable_dependent_services": null,
            "disable_on_destroy": false,
            "id": "fpa-project-504313/bigquery.googleapis.com",
            "project": "fpa-project-504313",
            "service": "bigquery.googleapis.com",
            "timeouts": null
          },
          "sensitive_attributes": [],
          "identity_schema_version": 0,
          "private": "eyJlMmJmYjczMC1lY2FhLTExZTYtOGY4OC0zNDM2M2JjN2M0YzAiOnsiY3JlYXRlIjoxMjAwMDAwMDAwMDAwLCJkZWxldGUiOjEyMDAwMDAwMDAwMDAsInJlYWQiOjYwMDAwMDAwMDAwMCwidXBkYXRlIjoxMjAwMDAwMDAwMDAwfX0="
        },
        {
          "index_key": "bigqueryconnection.googleapis.com",
          "schema_version": 0,
          "attributes": {
            "disable_dependent_services": null,
            "disable_on_destroy": false,
            "id": "fpa-project-504313/bigqueryconnection.googleapis.com",
            "project": "fpa-project-504313",
            "service": "bigqueryconnection.googleapis.com",
            "timeouts": null
          },
          "sensitive_attributes": [],
          "identity_schema_version": 0,
          "private": "eyJlMmJmYjczMC1lY2FhLTExZTYtOGY4OC0zNDM2M2JjN2M0YzAiOnsiY3JlYXRlIjoxMjAwMDAwMDAwMDAwLCJkZWxldGUiOjEyMDAwMDAwMDAwMDAsInJlYWQiOjYwMDAwMDAwMDAwMCwidXBkYXRlIjoxMjAwMDAwMDAwMDAwfX0="
        },
        {
          "index_key": "compute.googleapis.com",
          "schema_version": 0,
          "attributes": {
            "disable_dependent_services": null,
            "disable_on_destroy": false,
            "id": "fpa-project-504313/compute.googleapis.com",
            "project": "fpa-project-504313",
            "service": "compute.googleapis.com",
            "timeouts": null
          },
          "sensitive_attributes": [],
          "identity_schema_version": 0,
          "private": "eyJlMmJmYjczMC1lY2FhLTExZTYtOGY4OC0zNDM2M2JjN2M0YzAiOnsiY3JlYXRlIjoxMjAwMDAwMDAwMDAwLCJkZWxldGUiOjEyMDAwMDAwMDAwMDAsInJlYWQiOjYwMDAwMDAwMDAwMCwidXBkYXRlIjoxMjAwMDAwMDAwMDAwfX0="
        },
        {
          "index_key": "dataflow.googleapis.com",
          "schema_version": 0,
          "attributes": {
            "disable_dependent_services": null,
            "disable_on_destroy": false,
            "id": "fpa-project-504313/dataflow.googleapis.com",
            "project": "fpa-project-504313",
            "service": "dataflow.googleapis.com",
            "timeouts": null
          },
          "sensitive_attributes": [],
          "identity_schema_version": 0,
          "private": "eyJlMmJmYjczMC1lY2FhLTExZTYtOGY4OC0zNDM2M2JjN2M0YzAiOnsiY3JlYXRlIjoxMjAwMDAwMDAwMDAwLCJkZWxldGUiOjEyMDAwMDAwMDAwMDAsInJlYWQiOjYwMDAwMDAwMDAwMCwidXBkYXRlIjoxMjAwMDAwMDAwMDAwfX0="
        },
        {
          "index_key": "iam.googleapis.com",
          "schema_version": 0,
          "attributes": {
            "disable_dependent_services": null,
            "disable_on_destroy": false,
            "id": "fpa-project-504313/iam.googleapis.com",
            "project": "fpa-project-504313",
            "service": "iam.googleapis.com",
            "timeouts": null
          },
          "sensitive_attributes": [],
          "identity_schema_version": 0,
          "private": "eyJlMmJmYjczMC1lY2FhLTExZTYtOGY4OC0zNDM2M2JjN2M0YzAiOnsiY3JlYXRlIjoxMjAwMDAwMDAwMDAwLCJkZWxldGUiOjEyMDAwMDAwMDAwMDAsInJlYWQiOjYwMDAwMDAwMDAwMCwidXBkYXRlIjoxMjAwMDAwMDAwMDAwfX0="
        },
        {
          "index_key": "iamcredentials.googleapis.com",
          "schema_version": 0,
          "attributes": {
            "disable_dependent_services": null,
            "disable_on_destroy": false,
            "id": "fpa-project-504313/iamcredentials.googleapis.com",
            "project": "fpa-project-504313",
            "service": "iamcredentials.googleapis.com",
            "timeouts": null
          },
          "sensitive_attributes": [],
          "identity_schema_version": 0,
          "private": "eyJlMmJmYjczMC1lY2FhLTExZTYtOGY4OC0zNDM2M2JjN2M0YzAiOnsiY3JlYXRlIjoxMjAwMDAwMDAwMDAwLCJkZWxldGUiOjEyMDAwMDAwMDAwMDAsInJlYWQiOjYwMDAwMDAwMDAwMCwidXBkYXRlIjoxMjAwMDAwMDAwMDAwfX0="
        },
        {
          "index_key": "pubsub.googleapis.com",
          "schema_version": 0,
          "attributes": {
            "disable_dependent_services": null,
            "disable_on_destroy": false,
            "id": "fpa-project-504313/pubsub.googleapis.com",
            "project": "fpa-project-504313",
            "service": "pubsub.googleapis.com",
            "timeouts": null
          },
          "sensitive_attributes": [],
          "identity_schema_version": 0,
          "private": "eyJlMmJmYjczMC1lY2FhLTExZTYtOGY4OC0zNDM2M2JjN2M0YzAiOnsiY3JlYXRlIjoxMjAwMDAwMDAwMDAwLCJkZWxldGUiOjEyMDAwMDAwMDAwMDAsInJlYWQiOjYwMDAwMDAwMDAwMCwidXBkYXRlIjoxMjAwMDAwMDAwMDAwfX0="
        },
        {
          "index_key": "sqladmin.googleapis.com",
          "schema_version": 0,
          "attributes": {
            "disable_dependent_services": null,
            "disable_on_destroy": false,
            "id": "fpa-project-504313/sqladmin.googleapis.com",
            "project": "fpa-project-504313",
            "service": "sqladmin.googleapis.com",
            "timeouts": null
          },
          "sensitive_attributes": [],
          "identity_schema_version": 0,
          "private": "eyJlMmJmYjczMC1lY2FhLTExZTYtOGY4OC0zNDM2M2JjN2M0YzAiOnsiY3JlYXRlIjoxMjAwMDAwMDAwMDAwLCJkZWxldGUiOjEyMDAwMDAwMDAwMDAsInJlYWQiOjYwMDAwMDAwMDAwMCwidXBkYXRlIjoxMjAwMDAwMDAwMDAwfX0="
        }
      ]
    },
    {
      "mode": "managed",
      "type": "google_project_service",
      "name": "redis_api",
      "provider": "provider[\"registry.terraform.io/hashicorp/google\"]",
      "instances": [
        {
          "schema_version": 0,
          "attributes": {
            "disable_dependent_services": null,
            "disable_on_destroy": false,
            "id": "fpa-project-504313/redis.googleapis.com",
            "project": "fpa-project-504313",
            "service": "redis.googleapis.com",
            "timeouts": null
          },
          "sensitive_attributes": [],
          "identity_schema_version": 0,
          "private": "eyJlMmJmYjczMC1lY2FhLTExZTYtOGY4OC0zNDM2M2JjN2M0YzAiOnsiY3JlYXRlIjoxMjAwMDAwMDAwMDAwLCJkZWxldGUiOjEyMDAwMDAwMDAwMDAsInJlYWQiOjYwMDAwMDAwMDAwMCwidXBkYXRlIjoxMjAwMDAwMDAwMDAwfX0="
        }
      ]
    },
    {
      "mode": "managed",
      "type": "google_project_service",
      "name": "vpcaccess_api",
      "provider": "provider[\"registry.terraform.io/hashicorp/google\"]",
      "instances": [
        {
          "schema_version": 0,
          "attributes": {
            "disable_dependent_services": null,
            "disable_on_destroy": false,
            "id": "fpa-project-504313/vpcaccess.googleapis.com",
            "project": "fpa-project-504313",
            "service": "vpcaccess.googleapis.com",
            "timeouts": null
          },
          "sensitive_attributes": [],
          "identity_schema_version": 0,
          "private": "eyJlMmJmYjczMC1lY2FhLTExZTYtOGY4OC0zNDM2M2JjN2M0YzAiOnsiY3JlYXRlIjoxMjAwMDAwMDAwMDAwLCJkZWxldGUiOjEyMDAwMDAwMDAwMDAsInJlYWQiOjYwMDAwMDAwMDAwMCwidXBkYXRlIjoxMjAwMDAwMDAwMDAwfX0="
        }
      ]
    },
    {
      "mode": "managed",
      "type": "google_pubsub_subscription",
      "name": "budget_breaches_alerts_sub",
      "provider": "provider[\"registry.terraform.io/hashicorp/google\"]",
      "instances": [
        {
          "schema_version": 0,
          "attributes": {
            "ack_deadline_seconds": 30,
            "bigquery_config": [],
            "cloud_storage_config": [],
            "dead_letter_policy": [],
            "effective_labels": {},
            "enable_exactly_once_delivery": false,
            "enable_message_ordering": false,
            "expiration_policy": [
              {
                "ttl": ""
              }
            ],
            "filter": "",
            "id": "projects/fpa-project-504313/subscriptions/budget-breaches-alerts-sub",
            "labels": {},
            "message_retention_duration": "604800s",
            "name": "budget-breaches-alerts-sub",
            "project": "fpa-project-504313",
            "push_config": [],
            "retain_acked_messages": false,
            "retry_policy": [],
            "terraform_labels": {},
            "timeouts": null,
            "topic": "projects/fpa-project-504313/topics/budget-breaches-alerts"
          },
          "sensitive_attributes": [],
          "identity_schema_version": 0,
          "private": "eyJlMmJmYjczMC1lY2FhLTExZTYtOGY4OC0zNDM2M2JjN2M0YzAiOnsiY3JlYXRlIjoxMjAwMDAwMDAwMDAwLCJkZWxldGUiOjEyMDAwMDAwMDAwMDAsInVwZGF0ZSI6MTIwMDAwMDAwMDAwMH19",
          "dependencies": [
            "google_project_service.enabled_apis",
            "google_pubsub_topic.budget_breaches_alerts"
          ]
        }
      ]
    },
    {
      "mode": "managed",
      "type": "google_pubsub_subscription",
      "name": "transactions_sub",
      "provider": "provider[\"registry.terraform.io/hashicorp/google\"]",
      "instances": [
        {
          "schema_version": 0,
          "attributes": {
            "ack_deadline_seconds": 60,
            "bigquery_config": [],
            "cloud_storage_config": [],
            "dead_letter_policy": [],
            "effective_labels": {},
            "enable_exactly_once_delivery": false,
            "enable_message_ordering": false,
            "expiration_policy": [
              {
                "ttl": ""
              }
            ],
            "filter": "",
            "id": "projects/fpa-project-504313/subscriptions/transactions-sub",
            "labels": {},
            "message_retention_duration": "604800s",
            "name": "transactions-sub",
            "project": "fpa-project-504313",
            "push_config": [],
            "retain_acked_messages": false,
            "retry_policy": [
              {
                "maximum_backoff": "600s",
                "minimum_backoff": "10s"
              }
            ],
            "terraform_labels": {},
            "timeouts": null,
            "topic": "projects/fpa-project-504313/topics/transactions"
          },
          "sensitive_attributes": [],
          "identity_schema_version": 0,
          "private": "eyJlMmJmYjczMC1lY2FhLTExZTYtOGY4OC0zNDM2M2JjN2M0YzAiOnsiY3JlYXRlIjoxMjAwMDAwMDAwMDAwLCJkZWxldGUiOjEyMDAwMDAwMDAwMDAsInVwZGF0ZSI6MTIwMDAwMDAwMDAwMH19",
          "dependencies": [
            "google_project_service.enabled_apis",
            "google_pubsub_topic.transactions"
          ]
        }
      ]
    },
    {
      "mode": "managed",
      "type": "google_pubsub_topic",
      "name": "budget_breaches_alerts",
      "provider": "provider[\"registry.terraform.io/hashicorp/google\"]",
      "instances": [
        {
          "schema_version": 0,
          "attributes": {
            "effective_labels": {},
            "id": "projects/fpa-project-504313/topics/budget-breaches-alerts",
            "ingestion_data_source_settings": [],
            "kms_key_name": "",
            "labels": {},
            "message_retention_duration": "604800s",
            "message_storage_policy": [],
            "name": "budget-breaches-alerts",
            "project": "fpa-project-504313",
            "schema_settings": [],
            "terraform_labels": {},
            "timeouts": null
          },
          "sensitive_attributes": [],
          "identity_schema_version": 0,
          "private": "eyJlMmJmYjczMC1lY2FhLTExZTYtOGY4OC0zNDM2M2JjN2M0YzAiOnsiY3JlYXRlIjoxMjAwMDAwMDAwMDAwLCJkZWxldGUiOjEyMDAwMDAwMDAwMDAsInVwZGF0ZSI6MTIwMDAwMDAwMDAwMH19",
          "dependencies": [
            "google_project_service.enabled_apis"
          ]
        }
      ]
    },
    {
      "mode": "managed",
      "type": "google_pubsub_topic",
      "name": "transactions",
      "provider": "provider[\"registry.terraform.io/hashicorp/google\"]",
      "instances": [
        {
          "schema_version": 0,
          "attributes": {
            "effective_labels": {},
            "id": "projects/fpa-project-504313/topics/transactions",
            "ingestion_data_source_settings": [],
            "kms_key_name": "",
            "labels": {},
            "message_retention_duration": "86400s",
            "message_storage_policy": [],
            "name": "transactions",
            "project": "fpa-project-504313",
            "schema_settings": [],
            "terraform_labels": {},
            "timeouts": null
          },
          "sensitive_attributes": [],
          "identity_schema_version": 0,
          "private": "eyJlMmJmYjczMC1lY2FhLTExZTYtOGY4OC0zNDM2M2JjN2M0YzAiOnsiY3JlYXRlIjoxMjAwMDAwMDAwMDAwLCJkZWxldGUiOjEyMDAwMDAwMDAwMDAsInVwZGF0ZSI6MTIwMDAwMDAwMDAwMH19",
          "dependencies": [
            "google_project_service.enabled_apis"
          ]
        }
      ]
    },
    {
      "mode": "managed",
      "type": "google_redis_instance",
      "name": "redis_cache",
      "provider": "provider[\"registry.terraform.io/hashicorp/google\"]",
      "instances": [
        {
          "schema_version": 0,
          "attributes": {
            "alternative_location_id": "",
            "auth_enabled": false,
            "auth_string": "",
            "authorized_network": "projects/fpa-project-504313/global/networks/fpa-vpc",
            "connect_mode": "DIRECT_PEERING",
            "create_time": "2026-08-02T13:57:01.462686502Z",
            "current_location_id": "asia-south1-c",
            "customer_managed_key": "",
            "display_name": "",
            "effective_labels": {},
            "host": "10.206.155.155",
            "id": "projects/fpa-project-504313/locations/asia-south1/instances/fpa-redis-cache",
            "labels": {},
            "location_id": "asia-south1-c",
            "maintenance_policy": [],
            "maintenance_schedule": [],
            "memory_size_gb": 1,
            "name": "fpa-redis-cache",
            "nodes": [
              {
                "id": "node-0",
                "zone": "asia-south1-c"
              }
            ],
            "persistence_config": [
              {
                "persistence_mode": "DISABLED",
                "rdb_next_snapshot_time": "",
                "rdb_snapshot_period": "",
                "rdb_snapshot_start_time": ""
              }
            ],
            "persistence_iam_identity": "serviceAccount:service-26520992097@cloud-redis.iam.gserviceaccount.com",
            "port": 6379,
            "project": "fpa-project-504313",
            "read_endpoint": "",
            "read_endpoint_port": 0,
            "read_replicas_mode": "READ_REPLICAS_DISABLED",
            "redis_configs": {},
            "redis_version": "REDIS_7_0",
            "region": "asia-south1",
            "replica_count": 0,
            "reserved_ip_range": null,
            "secondary_ip_range": "",
            "server_ca_certs": [],
            "terraform_labels": {},
            "tier": "BASIC",
            "timeouts": null,
            "transit_encryption_mode": "DISABLED"
          },
          "sensitive_attributes": [
            [
              {
                "type": "get_attr",
                "value": "auth_string"
              }
            ]
          ],
          "identity_schema_version": 0,
          "private": "eyJlMmJmYjczMC1lY2FhLTExZTYtOGY4OC0zNDM2M2JjN2M0YzAiOnsiY3JlYXRlIjoxMjAwMDAwMDAwMDAwLCJkZWxldGUiOjEyMDAwMDAwMDAwMDAsInVwZGF0ZSI6MTIwMDAwMDAwMDAwMH19",
          "dependencies": [
            "google_compute_network.fpa_vpc",
            "google_project_service.enabled_apis",
            "google_project_service.redis_api"
          ]
        }
      ]
    },
    {
      "mode": "managed",
      "type": "google_service_account",
      "name": "dataflow_worker",
      "provider": "provider[\"registry.terraform.io/hashicorp/google\"]",
      "instances": [
        {
          "schema_version": 0,
          "attributes": {
            "account_id": "dataflow-worker",
            "create_ignore_already_exists": null,
            "description": "",
            "disabled": false,
            "display_name": "Dataflow Pipeline Worker Service Account",
            "email": "dataflow-worker@fpa-project-504313.iam.gserviceaccount.com",
            "id": "projects/fpa-project-504313/serviceAccounts/dataflow-worker@fpa-project-504313.iam.gserviceaccount.com",
            "member": "serviceAccount:dataflow-worker@fpa-project-504313.iam.gserviceaccount.com",
            "name": "projects/fpa-project-504313/serviceAccounts/dataflow-worker@fpa-project-504313.iam.gserviceaccount.com",
            "project": "fpa-project-504313",
            "timeouts": null,
            "unique_id": "113963345778757185353"
          },
          "sensitive_attributes": [],
          "identity_schema_version": 0,
          "private": "eyJlMmJmYjczMC1lY2FhLTExZTYtOGY4OC0zNDM2M2JjN2M0YzAiOnsiY3JlYXRlIjozMDAwMDAwMDAwMDB9fQ==",
          "dependencies": [
            "google_project_service.enabled_apis"
          ]
        }
      ]
    },
    {
      "mode": "managed",
      "type": "google_service_account",
      "name": "fastapi_frontend",
      "provider": "provider[\"registry.terraform.io/hashicorp/google\"]",
      "instances": [
        {
          "schema_version": 0,
          "attributes": {
            "account_id": "fastapi-frontend",
            "create_ignore_already_exists": null,
            "description": "",
            "disabled": false,
            "display_name": "FastAPI Frontend Service Account",
            "email": "fastapi-frontend@fpa-project-504313.iam.gserviceaccount.com",
            "id": "projects/fpa-project-504313/serviceAccounts/fastapi-frontend@fpa-project-504313.iam.gserviceaccount.com",
            "member": "serviceAccount:fastapi-frontend@fpa-project-504313.iam.gserviceaccount.com",
            "name": "projects/fpa-project-504313/serviceAccounts/fastapi-frontend@fpa-project-504313.iam.gserviceaccount.com",
            "project": "fpa-project-504313",
            "timeouts": null,
            "unique_id": "114885576466548925684"
          },
          "sensitive_attributes": [],
          "identity_schema_version": 0,
          "private": "eyJlMmJmYjczMC1lY2FhLTExZTYtOGY4OC0zNDM2M2JjN2M0YzAiOnsiY3JlYXRlIjozMDAwMDAwMDAwMDB9fQ==",
          "dependencies": [
            "google_project_service.enabled_apis"
          ]
        }
      ]
    },
    {
      "mode": "managed",
      "type": "google_service_account",
      "name": "fastapi_ingester",
      "provider": "provider[\"registry.terraform.io/hashicorp/google\"]",
      "instances": [
        {
          "schema_version": 0,
          "attributes": {
            "account_id": "fastapi-ingester",
            "create_ignore_already_exists": null,
            "description": "",
            "disabled": false,
            "display_name": "FastAPI Ingestion Service Account",
            "email": "fastapi-ingester@fpa-project-504313.iam.gserviceaccount.com",
            "id": "projects/fpa-project-504313/serviceAccounts/fastapi-ingester@fpa-project-504313.iam.gserviceaccount.com",
            "member": "serviceAccount:fastapi-ingester@fpa-project-504313.iam.gserviceaccount.com",
            "name": "projects/fpa-project-504313/serviceAccounts/fastapi-ingester@fpa-project-504313.iam.gserviceaccount.com",
            "project": "fpa-project-504313",
            "timeouts": null,
            "unique_id": "112003000690108075232"
          },
          "sensitive_attributes": [],
          "identity_schema_version": 0,
          "private": "eyJlMmJmYjczMC1lY2FhLTExZTYtOGY4OC0zNDM2M2JjN2M0YzAiOnsiY3JlYXRlIjozMDAwMDAwMDAwMDB9fQ==",
          "dependencies": [
            "google_project_service.enabled_apis"
          ]
        }
      ]
    },
    {
      "mode": "managed",
      "type": "google_service_account",
      "name": "fastapi_reporting",
      "provider": "provider[\"registry.terraform.io/hashicorp/google\"]",
      "instances": [
        {
          "schema_version": 0,
          "attributes": {
            "account_id": "fastapi-reporting",
            "create_ignore_already_exists": null,
            "description": "",
            "disabled": false,
            "display_name": "FastAPI Reporting API Service Account",
            "email": "fastapi-reporting@fpa-project-504313.iam.gserviceaccount.com",
            "id": "projects/fpa-project-504313/serviceAccounts/fastapi-reporting@fpa-project-504313.iam.gserviceaccount.com",
            "member": "serviceAccount:fastapi-reporting@fpa-project-504313.iam.gserviceaccount.com",
            "name": "projects/fpa-project-504313/serviceAccounts/fastapi-reporting@fpa-project-504313.iam.gserviceaccount.com",
            "project": "fpa-project-504313",
            "timeouts": null,
            "unique_id": "113095845535651691255"
          },
          "sensitive_attributes": [],
          "identity_schema_version": 0,
          "private": "eyJlMmJmYjczMC1lY2FhLTExZTYtOGY4OC0zNDM2M2JjN2M0YzAiOnsiY3JlYXRlIjozMDAwMDAwMDAwMDB9fQ==",
          "dependencies": [
            "google_project_service.enabled_apis"
          ]
        }
      ]
    },
    {
      "mode": "managed",
      "type": "google_service_account",
      "name": "github_deployer",
      "provider": "provider[\"registry.terraform.io/hashicorp/google\"]",
      "instances": [
        {
          "schema_version": 0,
          "attributes": {
            "account_id": "github-deployer",
            "create_ignore_already_exists": null,
            "description": "",
            "disabled": false,
            "display_name": "GitHub Actions CI/CD Deployer Service Account",
            "email": "github-deployer@fpa-project-504313.iam.gserviceaccount.com",
            "id": "projects/fpa-project-504313/serviceAccounts/github-deployer@fpa-project-504313.iam.gserviceaccount.com",
            "member": "serviceAccount:github-deployer@fpa-project-504313.iam.gserviceaccount.com",
            "name": "projects/fpa-project-504313/serviceAccounts/github-deployer@fpa-project-504313.iam.gserviceaccount.com",
            "project": "fpa-project-504313",
            "timeouts": null,
            "unique_id": "113243228300501812604"
          },
          "sensitive_attributes": [],
          "identity_schema_version": 0,
          "private": "eyJlMmJmYjczMC1lY2FhLTExZTYtOGY4OC0zNDM2M2JjN2M0YzAiOnsiY3JlYXRlIjozMDAwMDAwMDAwMDB9fQ==",
          "dependencies": [
            "google_project_service.enabled_apis"
          ]
        }
      ]
    },
    {
      "mode": "managed",
      "type": "google_service_account_iam_member",
      "name": "wif_impersonation",
      "provider": "provider[\"registry.terraform.io/hashicorp/google\"]",
      "instances": [
        {
          "schema_version": 0,
          "attributes": {
            "condition": [],
            "etag": "BwZYEMwFKhE=",
            "id": "projects/fpa-project-504313/serviceAccounts/github-deployer@fpa-project-504313.iam.gserviceaccount.com/roles/iam.workloadIdentityUser/principalSet://iam.googleapis.com/projects/26520992097/locations/global/workloadIdentityPools/fpa-github-pool/attribute.repository/perfectdash/FPA",
            "member": "principalSet://iam.googleapis.com/projects/26520992097/locations/global/workloadIdentityPools/fpa-github-pool/attribute.repository/perfectdash/FPA",
            "role": "roles/iam.workloadIdentityUser",
            "service_account_id": "projects/fpa-project-504313/serviceAccounts/github-deployer@fpa-project-504313.iam.gserviceaccount.com"
          },
          "sensitive_attributes": [],
          "identity_schema_version": 0,
          "private": "bnVsbA==",
          "dependencies": [
            "google_iam_workload_identity_pool.github_pool",
            "google_project_service.enabled_apis",
            "google_service_account.github_deployer"
          ]
        }
      ]
    },
    {
      "mode": "managed",
      "type": "google_sql_database",
      "name": "budget_registry",
      "provider": "provider[\"registry.terraform.io/hashicorp/google\"]",
      "instances": [
        {
          "schema_version": 0,
          "attributes": {
            "charset": "UTF8",
            "collation": "en_US.UTF8",
            "deletion_policy": "DELETE",
            "id": "projects/fpa-project-504313/instances/fpa-budget-db/databases/budget_registry",
            "instance": "fpa-budget-db",
            "name": "budget_registry",
            "project": "fpa-project-504313",
            "self_link": "https://sqladmin.googleapis.com/sql/v1beta4/projects/fpa-project-504313/instances/fpa-budget-db/databases/budget_registry",
            "timeouts": null
          },
          "sensitive_attributes": [],
          "identity_schema_version": 0,
          "private": "eyJlMmJmYjczMC1lY2FhLTExZTYtOGY4OC0zNDM2M2JjN2M0YzAiOnsiY3JlYXRlIjoxMjAwMDAwMDAwMDAwLCJkZWxldGUiOjEyMDAwMDAwMDAwMDAsInVwZGF0ZSI6MTIwMDAwMDAwMDAwMH19",
          "dependencies": [
            "google_project_service.enabled_apis",
            "google_sql_database_instance.postgres"
          ]
        }
      ]
    },
    {
      "mode": "managed",
      "type": "google_sql_database_instance",
      "name": "postgres",
      "provider": "provider[\"registry.terraform.io/hashicorp/google\"]",
      "instances": [
        {
          "schema_version": 0,
          "attributes": {
            "available_maintenance_versions": [],
            "clone": [],
            "connection_name": "fpa-project-504313:asia-south1:fpa-budget-db",
            "database_version": "POSTGRES_15",
            "deletion_protection": false,
            "dns_name": "",
            "encryption_key_name": null,
            "first_ip_address": "34.93.76.103",
            "id": "fpa-budget-db",
            "instance_type": "CLOUD_SQL_INSTANCE",
            "ip_address": [
              {
                "ip_address": "34.93.76.103",
                "time_to_retire": "",
                "type": "PRIMARY"
              },
              {
                "ip_address": "34.14.196.113",
                "time_to_retire": "",
                "type": "OUTGOING"
              }
            ],
            "maintenance_version": "POSTGRES_15_18.R20260319.07_22",
            "master_instance_name": "",
            "name": "fpa-budget-db",
            "private_ip_address": "",
            "project": "fpa-project-504313",
            "psc_service_attachment_link": "",
            "public_ip_address": "34.93.76.103",
            "region": "asia-south1",
            "replica_configuration": [],
            "restore_backup_context": [],
            "root_password": null,
            "self_link": "https://sqladmin.googleapis.com/sql/v1beta4/projects/fpa-project-504313/instances/fpa-budget-db",
            "server_ca_cert": [
              {
                "cert": "-----BEGIN CERTIFICATE-----\nMIIDcTCCAlmgAwIBAgIBADANBgkqhkiG9w0BAQsFADBwMS0wKwYDVQQuEyRmNDY4\nNDExZC1mYjlhLTRjYjItODRhZi0yMGViY2I3NGI5NmIxHDAaBgNVBAMTE0Nsb3Vk\nIFNRTCBTZXJ2ZXIgQ0ExFDASBgNVBAoTC0dvb2dsZSwgSW5jMQswCQYDVQQGEwJV\nUzAeFw0yNjA4MDIxMzU3MzdaFw0zNjA3MzAxMzU4MzdaMHAxLTArBgNVBC4TJGY0\nNjg0MTFkLWZiOWEtNGNiMi04NGFmLTIwZWJjYjc0Yjk2YjEcMBoGA1UEAxMTQ2xv\ndWQgU1FMIFNlcnZlciBDQTEUMBIGA1UEChMLR29vZ2xlLCBJbmMxCzAJBgNVBAYT\nAlVTMIIBIjANBgkqhkiG9w0BAQEFAAOCAQ8AMIIBCgKCAQEAmbybiVbS7ZLgSSQ8\nX9z4t8KB2cIE/l8IhQVCvmHqhJMQ1r3RnRVzlTyt83SJ4m2lzpyT3/jtj1uqfKL2\nT03RJtFQ+2JfTEEjCmsJ565pEDTLQbYu4IuVsDgVTlAqvLPuB6NupQwCdABsY8ej\nuK1NK+GadE4nHBGRR2ymiIpn6BTTtKkvvHF4KgNbmE5kGQ0ETBLehfQixuNwgFAr\noQyJ0HiopfxlFME20LjvqiGCBQj0WR7MJNT0xJ05po4Rsk5qxhxuyG0JMLSYG93S\nu9Rpot1+XlIIJ2Q+i9wYSAO3aXt+F28xflOWoIdeie/SLxTRMK/R9nLXgLLmAXcW\n6MmkBQIDAQABoxYwFDASBgNVHRMBAf8ECDAGAQH/AgEAMA0GCSqGSIb3DQEBCwUA\nA4IBAQCJTgMncr+n+eNAXwjjX/QZhMqid2srgTjogo+r4U8CbxX5MJC8DGEeO9GZ\nQvX6eBQoJtpvCqiF//CyXwpNqEM2v/wllPuRrUt3iq3EFh5ecT+A4uMghC/718G4\nhoG/Ca76FOiyTtSCzCuwzxcWXI/dnqYqSTfhR/xvo9xbHcC1OtRuaqg4eYSTD3kU\nqh2O8typzeCYymjh1NWeVmP5oQsEy9SdA2aG4RfTrg76/GzvjgehMgRccDe02WYG\nH1DYlW17bU824VCdFCIIDAR5UJCwN1GYAF3ebcYUXb5ktPTp46IpbEK+b45ubk87\nHjs2u2L/qZt8krzkcFHEOO6GJfcB\n-----END CERTIFICATE-----",
                "common_name": "C=US,O=Google\\, Inc,CN=Cloud SQL Server CA,dnQualifier=f468411d-fb9a-4cb2-84af-20ebcb74b96b",
                "create_time": "2026-08-02T13:57:37.788Z",
                "expiration_time": "2036-07-30T13:58:37.788Z",
                "sha1_fingerprint": "bcd9585e9e11a990ae3e2e45913ea3c48a3754a0"
              }
            ],
            "service_account_email_address": "p26520992097-ffpts5@gcp-sa-cloud-sql.iam.gserviceaccount.com",
            "settings": [
              {
                "activation_policy": "ALWAYS",
                "active_directory_config": [],
                "advanced_machine_features": [],
                "availability_type": "ZONAL",
                "backup_configuration": [
                  {
                    "backup_retention_settings": [
                      {
                        "retained_backups": 7,
                        "retention_unit": "COUNT"
                      }
                    ],
                    "binary_log_enabled": false,
                    "enabled": false,
                    "location": "",
                    "point_in_time_recovery_enabled": false,
                    "start_time": "19:00",
                    "transaction_log_retention_days": 7
                  }
                ],
                "collation": "",
                "connector_enforcement": "NOT_REQUIRED",
                "data_cache_config": [],
                "database_flags": [],
                "deletion_protection_enabled": false,
                "deny_maintenance_period": [],
                "disk_autoresize": true,
                "disk_autoresize_limit": 0,
                "disk_size": 10,
                "disk_type": "PD_SSD",
                "edition": "ENTERPRISE",
                "enable_google_ml_integration": false,
                "insights_config": [],
                "ip_configuration": [
                  {
                    "allocated_ip_range": "",
                    "authorized_networks": [],
                    "enable_private_path_for_google_cloud_services": false,
                    "ipv4_enabled": true,
                    "private_network": "",
                    "psc_config": [],
                    "require_ssl": false,
                    "ssl_mode": ""
                  }
                ],
                "location_preference": [
                  {
                    "follow_gae_application": "",
                    "secondary_zone": "",
                    "zone": "asia-south1-c"
                  }
                ],
                "maintenance_window": [],
                "password_validation_policy": [],
                "pricing_plan": "PER_USE",
                "sql_server_audit_config": [],
                "tier": "db-custom-1-3840",
                "time_zone": "",
                "user_labels": {},
                "version": 4
              }
            ],
            "timeouts": null
          },
          "sensitive_attributes": [
            [
              {
                "type": "get_attr",
                "value": "root_password"
              }
            ],
            [
              {
                "type": "get_attr",
                "value": "server_ca_cert"
              }
            ]
          ],
          "identity_schema_version": 0,
          "private": "eyJlMmJmYjczMC1lY2FhLTExZTYtOGY4OC0zNDM2M2JjN2M0YzAiOnsiY3JlYXRlIjoyNDAwMDAwMDAwMDAwLCJkZWxldGUiOjE4MDAwMDAwMDAwMDAsInVwZGF0ZSI6MTgwMDAwMDAwMDAwMH19",
          "dependencies": [
            "google_project_service.enabled_apis"
          ]
        }
      ]
    },
    {
      "mode": "managed",
      "type": "google_sql_user",
      "name": "pgadmin",
      "provider": "provider[\"registry.terraform.io/hashicorp/google\"]",
      "instances": [
        {
          "schema_version": 1,
          "attributes": {
            "deletion_policy": null,
            "host": "",
            "id": "pgadmin//fpa-budget-db",
            "instance": "fpa-budget-db",
            "name": "pgadmin",
            "password": "DummyPassword123!",
            "password_policy": [],
            "project": "fpa-project-504313",
            "sql_server_user_details": [],
            "timeouts": null,
            "type": ""
          },
          "sensitive_attributes": [
            [
              {
                "type": "get_attr",
                "value": "password"
              }
            ]
          ],
          "identity_schema_version": 0,
          "private": "eyJlMmJmYjczMC1lY2FhLTExZTYtOGY4OC0zNDM2M2JjN2M0YzAiOnsiY3JlYXRlIjo2MDAwMDAwMDAwMDAsImRlbGV0ZSI6NjAwMDAwMDAwMDAwLCJ1cGRhdGUiOjYwMDAwMDAwMDAwMH0sInNjaGVtYV92ZXJzaW9uIjoiMSJ9",
          "dependencies": [
            "google_project_service.enabled_apis",
            "google_sql_database_instance.postgres"
          ]
        }
      ]
    },
    {
      "mode": "managed",
      "type": "google_storage_bucket",
      "name": "dataflow_storage",
      "provider": "provider[\"registry.terraform.io/hashicorp/google\"]",
      "instances": [
        {
          "schema_version": 1,
          "attributes": {
            "autoclass": [],
            "cors": [],
            "custom_placement_config": [],
            "default_event_based_hold": false,
            "effective_labels": {},
            "enable_object_retention": false,
            "encryption": [],
            "force_destroy": true,
            "id": "fpa-project-504313-dataflow-storage",
            "labels": {},
            "lifecycle_rule": [
              {
                "action": [
                  {
                    "storage_class": "",
                    "type": "Delete"
                  }
                ],
                "condition": [
                  {
                    "age": 30,
                    "created_before": "",
                    "custom_time_before": "",
                    "days_since_custom_time": 0,
                    "days_since_noncurrent_time": 0,
                    "matches_prefix": [],
                    "matches_storage_class": [],
                    "matches_suffix": [],
                    "no_age": false,
                    "noncurrent_time_before": "",
                    "num_newer_versions": 0,
                    "with_state": "ANY"
                  }
                ]
              }
            ],
            "location": "ASIA-SOUTH1",
            "logging": [],
            "name": "fpa-project-504313-dataflow-storage",
            "project": "fpa-project-504313",
            "project_number": 26520992097,
            "public_access_prevention": "inherited",
            "requester_pays": false,
            "retention_policy": [],
            "rpo": null,
            "self_link": "https://www.googleapis.com/storage/v1/b/fpa-project-504313-dataflow-storage",
            "soft_delete_policy": [
              {
                "effective_time": "2026-08-02T13:54:52.268Z",
                "retention_duration_seconds": 604800
              }
            ],
            "storage_class": "STANDARD",
            "terraform_labels": {},
            "timeouts": null,
            "uniform_bucket_level_access": true,
            "url": "gs://fpa-project-504313-dataflow-storage",
            "versioning": [
              {
                "enabled": true
              }
            ],
            "website": []
          },
          "sensitive_attributes": [],
          "identity_schema_version": 0,
          "private": "eyJlMmJmYjczMC1lY2FhLTExZTYtOGY4OC0zNDM2M2JjN2M0YzAiOnsiY3JlYXRlIjo2MDAwMDAwMDAwMDAsInJlYWQiOjI0MDAwMDAwMDAwMCwidXBkYXRlIjoyNDAwMDAwMDAwMDB9LCJzY2hlbWFfdmVyc2lvbiI6IjEifQ=="
        }
      ]
    },
    {
      "mode": "managed",
      "type": "google_storage_bucket_iam_member",
      "name": "dataflow_worker_bucket_access",
      "provider": "provider[\"registry.terraform.io/hashicorp/google\"]",
      "instances": [
        {
          "schema_version": 0,
          "attributes": {
            "bucket": "b/fpa-project-504313-dataflow-storage",
            "condition": [],
            "etag": "CAM=",
            "id": "b/fpa-project-504313-dataflow-storage/roles/storage.admin/serviceAccount:dataflow-worker@fpa-project-504313.iam.gserviceaccount.com",
            "member": "serviceAccount:dataflow-worker@fpa-project-504313.iam.gserviceaccount.com",
            "role": "roles/storage.admin"
          },
          "sensitive_attributes": [],
          "identity_schema_version": 0,
          "private": "bnVsbA==",
          "dependencies": [
            "google_project_service.enabled_apis",
            "google_service_account.dataflow_worker",
            "google_storage_bucket.dataflow_storage"
          ]
        }
      ]
    },
    {
      "mode": "managed",
      "type": "google_storage_bucket_iam_member",
      "name": "github_deployer_bucket_access",
      "provider": "provider[\"registry.terraform.io/hashicorp/google\"]",
      "instances": [
        {
          "schema_version": 0,
          "attributes": {
            "bucket": "b/fpa-project-504313-dataflow-storage",
            "condition": [],
            "etag": "CAM=",
            "id": "b/fpa-project-504313-dataflow-storage/roles/storage.admin/serviceAccount:github-deployer@fpa-project-504313.iam.gserviceaccount.com",
            "member": "serviceAccount:github-deployer@fpa-project-504313.iam.gserviceaccount.com",
            "role": "roles/storage.admin"
          },
          "sensitive_attributes": [],
          "identity_schema_version": 0,
          "private": "bnVsbA==",
          "dependencies": [
            "google_project_service.enabled_apis",
            "google_service_account.github_deployer",
            "google_storage_bucket.dataflow_storage"
          ]
        }
      ]
    },
    {
      "mode": "managed",
      "type": "google_vpc_access_connector",
      "name": "connector",
      "provider": "provider[\"registry.terraform.io/hashicorp/google\"]",
      "instances": [
        {
          "schema_version": 0,
          "attributes": {
            "connected_projects": [],
            "id": "projects/fpa-project-504313/locations/asia-south1/connectors/fpa-vpc-connector",
            "ip_cidr_range": "10.8.0.0/28",
            "machine_type": "e2-micro",
            "max_instances": 3,
            "max_throughput": 300,
            "min_instances": 2,
            "min_throughput": 200,
            "name": "fpa-vpc-connector",
            "network": "fpa-vpc",
            "project": "fpa-project-504313",
            "region": "asia-south1",
            "self_link": "projects/fpa-project-504313/locations/asia-south1/connectors/fpa-vpc-connector",
            "state": "READY",
            "subnet": [],
            "timeouts": null
          },
          "sensitive_attributes": [],
          "identity_schema_version": 0,
          "private": "eyJlMmJmYjczMC1lY2FhLTExZTYtOGY4OC0zNDM2M2JjN2M0YzAiOnsiY3JlYXRlIjoxMjAwMDAwMDAwMDAwLCJkZWxldGUiOjEyMDAwMDAwMDAwMDB9fQ==",
          "dependencies": [
            "google_compute_network.fpa_vpc",
            "google_project_service.enabled_apis",
            "google_project_service.vpcaccess_api"
          ]
        }
      ]
    }
  ],
  "check_results": null
}
