{
  "version": 4,
  "terraform_version": "1.15.8",
  "serial": 28,
  "lineage": "efff1214-6af9-ee3f-37eb-cd56fbd0c33e",
  "outputs": {
    "artifact_registry_repository_url": {
      "value": "us-central1-docker.pkg.dev/fpa-project-503309/fpa-repo",
      "type": "string"
    },
    "dataflow_staging_bucket_name": {
      "value": "fpa-project-503309-dataflow-storage",
      "type": "string"
    },
    "db_connection_name": {
      "value": "fpa-project-503309:us-central1:fpa-budget-db",
      "type": "string"
    },
    "fastapi_reporting_service_account": {
      "value": "fastapi-reporting@fpa-project-503309.iam.gserviceaccount.com",
      "type": "string"
    },
    "github_deployer_service_account_email": {
      "value": "github-deployer@fpa-project-503309.iam.gserviceaccount.com",
      "type": "string"
    }
  },
  "resources": [
    {
      "mode": "managed",
      "type": "google_artifact_registry_repository",
      "name": "fpa_repo",
      "provider": "provider[\"registry.terraform.io/hashicorp/google\"]",
      "instances": [
        {
          "schema_version": 0,
          "attributes": {
            "cleanup_policies": [],
            "cleanup_policy_dry_run": false,
            "create_time": "2026-07-28T12:38:20.075761Z",
            "description": "Docker repository for FP\u0026A microservices",
            "docker_config": [],
            "effective_labels": {},
            "format": "DOCKER",
            "id": "projects/fpa-project-503309/locations/us-central1/repositories/fpa-repo",
            "kms_key_name": "",
            "labels": null,
            "location": "us-central1",
            "maven_config": [],
            "mode": "STANDARD_REPOSITORY",
            "name": "fpa-repo",
            "project": "fpa-project-503309",
            "remote_repository_config": [],
            "repository_id": "fpa-repo",
            "terraform_labels": {},
            "timeouts": null,
            "update_time": "2026-07-28T12:38:20.075761Z",
            "virtual_repository_config": []
          },
          "sensitive_attributes": [],
          "identity_schema_version": 0,
          "private": "eyJlMmJmYjczMC1lY2FhLTExZTYtOGY4OC0zNDM2M2JjN2M0YzAiOnsiY3JlYXRlIjoxMjAwMDAwMDAwMDAwLCJkZWxldGUiOjEyMDAwMDAwMDAwMDAsInVwZGF0ZSI6MTIwMDAwMDAwMDAwMH19"
        }
      ]
    },
    {
      "mode": "managed",
      "type": "google_bigquery_connection",
      "name": "fpa_postgres",
      "provider": "provider[\"registry.terraform.io/hashicorp/google\"]",
      "instances": [
        {
          "schema_version": 0,
          "attributes": {
            "aws": [],
            "azure": [],
            "cloud_resource": [],
            "cloud_spanner": [],
            "cloud_sql": [
              {
                "credential": [
                  {
                    "password": "admin987",
                    "username": "pgadmin"
                  }
                ],
                "database": "budget_registry",
                "instance_id": "fpa-project-503309:us-central1:fpa-budget-db",
                "service_account_id": "service-720446044579@gcp-sa-bigqueryconnection.iam.gserviceaccount.com",
                "type": "POSTGRES"
              }
            ],
            "connection_id": "fpa-postgres-connection",
            "description": "Link from BigQuery to Cloud SQL Postgres budget instance",
            "friendly_name": "FP\u0026A Cloud SQL Connection",
            "has_credential": true,
            "id": "projects/fpa-project-503309/locations/US/connections/fpa-postgres-connection",
            "kms_key_name": "",
            "location": "US",
            "name": "projects/720446044579/locations/us/connections/fpa-postgres-connection",
            "project": "fpa-project-503309",
            "spark": [],
            "timeouts": null
          },
          "sensitive_attributes": [
            [
              {
                "type": "get_attr",
                "value": "cloud_sql"
              },
              {
                "type": "index",
                "value": {
                  "value": 0,
                  "type": "number"
                }
              },
              {
                "type": "get_attr",
                "value": "credential"
              },
              {
                "type": "index",
                "value": {
                  "value": 0,
                  "type": "number"
                }
              },
              {
                "type": "get_attr",
                "value": "password"
              }
            ]
          ],
          "identity_schema_version": 0,
          "private": "eyJlMmJmYjczMC1lY2FhLTExZTYtOGY4OC0zNDM2M2JjN2M0YzAiOnsiY3JlYXRlIjoxMjAwMDAwMDAwMDAwLCJkZWxldGUiOjEyMDAwMDAwMDAwMDAsInVwZGF0ZSI6MTIwMDAwMDAwMDAwMH19",
          "dependencies": [
            "google_sql_database.budget_registry",
            "google_sql_database_instance.postgres",
            "google_sql_user.pgadmin"
          ]
        }
      ]
    },
    {
      "mode": "managed",
      "type": "google_bigquery_dataset",
      "name": "fpa_analytics",
      "provider": "provider[\"registry.terraform.io/hashicorp/google\"]",
      "instances": [
        {
          "schema_version": 0,
          "attributes": {
            "access": [
              {
                "dataset": [],
                "domain": "",
                "group_by_email": "",
                "iam_member": "",
                "role": "OWNER",
                "routine": [],
                "special_group": "",
                "user_by_email": "taaran9499@gmail.com",
                "view": []
              },
              {
                "dataset": [],
                "domain": "",
                "group_by_email": "",
                "iam_member": "",
                "role": "OWNER",
                "routine": [],
                "special_group": "projectOwners",
                "user_by_email": "",
                "view": []
              },
              {
                "dataset": [],
                "domain": "",
                "group_by_email": "",
                "iam_member": "",
                "role": "READER",
                "routine": [],
                "special_group": "projectReaders",
                "user_by_email": "",
                "view": []
              },
              {
                "dataset": [],
                "domain": "",
                "group_by_email": "",
                "iam_member": "",
                "role": "WRITER",
                "routine": [],
                "special_group": "projectWriters",
                "user_by_email": "",
                "view": []
              }
            ],
            "creation_time": 1785242292752,
            "dataset_id": "fpa_analytics",
            "default_collation": "",
            "default_encryption_configuration": [],
            "default_partition_expiration_ms": 0,
            "default_table_expiration_ms": 0,
            "delete_contents_on_destroy": false,
            "description": "Contains transaction audit logs and windowed department budget aggregations.",
            "effective_labels": {},
            "etag": "ooNr1nYjcdo38ZFuu8Tiyw==",
            "external_dataset_reference": [],
            "friendly_name": "FP\u0026A Analytics Dataset",
            "id": "projects/fpa-project-503309/datasets/fpa_analytics",
            "is_case_insensitive": false,
            "labels": null,
            "last_modified_time": 1785242292752,
            "location": "US",
            "max_time_travel_hours": "168",
            "project": "fpa-project-503309",
            "self_link": "https://bigquery.googleapis.com/bigquery/v2/projects/fpa-project-503309/datasets/fpa_analytics",
            "storage_billing_model": "",
            "terraform_labels": {},
            "timeouts": null
          },
          "sensitive_attributes": [],
          "identity_schema_version": 0,
          "private": "eyJlMmJmYjczMC1lY2FhLTExZTYtOGY4OC0zNDM2M2JjN2M0YzAiOnsiY3JlYXRlIjoxMjAwMDAwMDAwMDAwLCJkZWxldGUiOjEyMDAwMDAwMDAwMDAsInVwZGF0ZSI6MTIwMDAwMDAwMDAwMH19"
        }
      ]
    },
    {
      "mode": "managed",
      "type": "google_bigquery_table",
      "name": "hourly_budget_aggregates",
      "provider": "provider[\"registry.terraform.io/hashicorp/google\"]",
      "instances": [
        {
          "schema_version": 0,
          "attributes": {
            "clustering": [
              "department_id"
            ],
            "creation_time": 1785242294866,
            "dataset_id": "fpa_analytics",
            "deletion_protection": false,
            "description": "",
            "effective_labels": {},
            "encryption_configuration": [],
            "etag": "PWRGcdZefQs3+HIkstyNCw==",
            "expiration_time": 0,
            "external_data_configuration": [],
            "friendly_name": "",
            "id": "projects/fpa-project-503309/datasets/fpa_analytics/tables/hourly_budget_aggregates",
            "labels": null,
            "last_modified_time": 1785242294949,
            "location": "US",
            "materialized_view": [],
            "max_staleness": "",
            "num_bytes": 0,
            "num_long_term_bytes": 0,
            "num_rows": 0,
            "project": "fpa-project-503309",
            "range_partitioning": [],
            "require_partition_filter": false,
            "schema": "[{\"mode\":\"REQUIRED\",\"name\":\"department_id\",\"type\":\"STRING\"},{\"mode\":\"REQUIRED\",\"name\":\"window_start\",\"type\":\"TIMESTAMP\"},{\"mode\":\"REQUIRED\",\"name\":\"total_spend\",\"type\":\"FLOAT\"},{\"mode\":\"REQUIRED\",\"name\":\"budget_limit\",\"type\":\"FLOAT\"},{\"mode\":\"REQUIRED\",\"name\":\"variance\",\"type\":\"FLOAT\"}]",
            "self_link": "https://bigquery.googleapis.com/bigquery/v2/projects/fpa-project-503309/datasets/fpa_analytics/tables/hourly_budget_aggregates",
            "table_constraints": [],
            "table_id": "hourly_budget_aggregates",
            "table_replication_info": [],
            "terraform_labels": {},
            "time_partitioning": [
              {
                "expiration_ms": 0,
                "field": "window_start",
                "require_partition_filter": false,
                "type": "HOUR"
              }
            ],
            "type": "TABLE",
            "view": []
          },
          "sensitive_attributes": [],
          "identity_schema_version": 0,
          "private": "bnVsbA==",
          "dependencies": [
            "google_bigquery_dataset.fpa_analytics"
          ]
        }
      ]
    },
    {
      "mode": "managed",
      "type": "google_bigquery_table",
      "name": "transactions_raw",
      "provider": "provider[\"registry.terraform.io/hashicorp/google\"]",
      "instances": [
        {
          "schema_version": 0,
          "attributes": {
            "clustering": [
              "department_id",
              "category"
            ],
            "creation_time": 1785242295822,
            "dataset_id": "fpa_analytics",
            "deletion_protection": false,
            "description": "",
            "effective_labels": {},
            "encryption_configuration": [],
            "etag": "UVIn729CQVohwqD3/1zUZA==",
            "expiration_time": 0,
            "external_data_configuration": [],
            "friendly_name": "",
            "id": "projects/fpa-project-503309/datasets/fpa_analytics/tables/transactions_raw",
            "labels": null,
            "last_modified_time": 1785242295954,
            "location": "US",
            "materialized_view": [],
            "max_staleness": "",
            "num_bytes": 0,
            "num_long_term_bytes": 0,
            "num_rows": 0,
            "project": "fpa-project-503309",
            "range_partitioning": [],
            "require_partition_filter": false,
            "schema": "[{\"mode\":\"REQUIRED\",\"name\":\"transaction_id\",\"type\":\"STRING\"},{\"mode\":\"REQUIRED\",\"name\":\"timestamp\",\"type\":\"TIMESTAMP\"},{\"mode\":\"REQUIRED\",\"name\":\"department_id\",\"type\":\"STRING\"},{\"mode\":\"REQUIRED\",\"name\":\"amount\",\"type\":\"FLOAT\"},{\"mode\":\"REQUIRED\",\"name\":\"currency\",\"type\":\"STRING\"},{\"mode\":\"NULLABLE\",\"name\":\"category\",\"type\":\"STRING\"},{\"mode\":\"NULLABLE\",\"name\":\"vendor\",\"type\":\"STRING\"}]",
            "self_link": "https://bigquery.googleapis.com/bigquery/v2/projects/fpa-project-503309/datasets/fpa_analytics/tables/transactions_raw",
            "table_constraints": [],
            "table_id": "transactions_raw",
            "table_replication_info": [],
            "terraform_labels": {},
            "time_partitioning": [
              {
                "expiration_ms": 0,
                "field": "timestamp",
                "require_partition_filter": false,
                "type": "DAY"
              }
            ],
            "type": "TABLE",
            "view": []
          },
          "sensitive_attributes": [],
          "identity_schema_version": 0,
          "private": "bnVsbA==",
          "dependencies": [
            "google_bigquery_dataset.fpa_analytics"
          ]
        }
      ]
    },
    {
      "mode": "managed",
      "type": "google_iam_workload_identity_pool",
      "name": "github_pool",
      "provider": "provider[\"registry.terraform.io/hashicorp/google\"]",
      "instances": [
        {
          "schema_version": 0,
          "attributes": {
            "description": "Identity pool for GitHub Actions authentication",
            "disabled": false,
            "display_name": "FP\u0026A GitHub Actions Pool",
            "id": "projects/fpa-project-503309/locations/global/workloadIdentityPools/fpa-github-pool",
            "name": "projects/720446044579/locations/global/workloadIdentityPools/fpa-github-pool",
            "project": "fpa-project-503309",
            "state": "ACTIVE",
            "timeouts": null,
            "workload_identity_pool_id": "fpa-github-pool"
          },
          "sensitive_attributes": [],
          "identity_schema_version": 0,
          "private": "eyJlMmJmYjczMC1lY2FhLTExZTYtOGY4OC0zNDM2M2JjN2M0YzAiOnsiY3JlYXRlIjoxMjAwMDAwMDAwMDAwLCJkZWxldGUiOjEyMDAwMDAwMDAwMDAsInVwZGF0ZSI6MTIwMDAwMDAwMDAwMH19"
        }
      ]
    },
    {
      "mode": "managed",
      "type": "google_project_iam_member",
      "name": "github_deployer_roles",
      "provider": "provider[\"registry.terraform.io/hashicorp/google\"]",
      "instances": [
        {
          "index_key": "roles/artifactregistry.writer",
          "schema_version": 0,
          "attributes": {
            "condition": [],
            "etag": "BwZXqx2RrAw=",
            "id": "fpa-project-503309/roles/artifactregistry.writer/serviceAccount:github-deployer@fpa-project-503309.iam.gserviceaccount.com",
            "member": "serviceAccount:github-deployer@fpa-project-503309.iam.gserviceaccount.com",
            "project": "fpa-project-503309",
            "role": "roles/artifactregistry.writer"
          },
          "sensitive_attributes": [],
          "identity_schema_version": 0,
          "private": "bnVsbA==",
          "dependencies": [
            "google_service_account.github_deployer"
          ]
        },
        {
          "index_key": "roles/dataflow.developer",
          "schema_version": 0,
          "attributes": {
            "condition": [],
            "etag": "BwZXqx2RrAw=",
            "id": "fpa-project-503309/roles/dataflow.developer/serviceAccount:github-deployer@fpa-project-503309.iam.gserviceaccount.com",
            "member": "serviceAccount:github-deployer@fpa-project-503309.iam.gserviceaccount.com",
            "project": "fpa-project-503309",
            "role": "roles/dataflow.developer"
          },
          "sensitive_attributes": [],
          "identity_schema_version": 0,
          "private": "bnVsbA==",
          "dependencies": [
            "google_service_account.github_deployer"
          ]
        },
        {
          "index_key": "roles/iam.serviceAccountUser",
          "schema_version": 0,
          "attributes": {
            "condition": [],
            "etag": "BwZXqx2RrAw=",
            "id": "fpa-project-503309/roles/iam.serviceAccountUser/serviceAccount:github-deployer@fpa-project-503309.iam.gserviceaccount.com",
            "member": "serviceAccount:github-deployer@fpa-project-503309.iam.gserviceaccount.com",
            "project": "fpa-project-503309",
            "role": "roles/iam.serviceAccountUser"
          },
          "sensitive_attributes": [],
          "identity_schema_version": 0,
          "private": "bnVsbA==",
          "dependencies": [
            "google_service_account.github_deployer"
          ]
        },
        {
          "index_key": "roles/run.admin",
          "schema_version": 0,
          "attributes": {
            "condition": [],
            "etag": "BwZXqx2RrAw=",
            "id": "fpa-project-503309/roles/run.admin/serviceAccount:github-deployer@fpa-project-503309.iam.gserviceaccount.com",
            "member": "serviceAccount:github-deployer@fpa-project-503309.iam.gserviceaccount.com",
            "project": "fpa-project-503309",
            "role": "roles/run.admin"
          },
          "sensitive_attributes": [],
          "identity_schema_version": 0,
          "private": "bnVsbA==",
          "dependencies": [
            "google_service_account.github_deployer"
          ]
        }
      ]
    },
    {
      "mode": "managed",
      "type": "google_project_iam_member",
      "name": "reporting_roles",
      "provider": "provider[\"registry.terraform.io/hashicorp/google\"]",
      "instances": [
        {
          "index_key": "roles/bigquery.dataViewer",
          "schema_version": 0,
          "attributes": {
            "condition": [],
            "etag": "BwZXqx2RrAw=",
            "id": "fpa-project-503309/roles/bigquery.dataViewer/serviceAccount:fastapi-reporting@fpa-project-503309.iam.gserviceaccount.com",
            "member": "serviceAccount:fastapi-reporting@fpa-project-503309.iam.gserviceaccount.com",
            "project": "fpa-project-503309",
            "role": "roles/bigquery.dataViewer"
          },
          "sensitive_attributes": [],
          "identity_schema_version": 0,
          "private": "bnVsbA==",
          "dependencies": [
            "google_service_account.fastapi_reporting"
          ]
        },
        {
          "index_key": "roles/bigquery.jobUser",
          "schema_version": 0,
          "attributes": {
            "condition": [],
            "etag": "BwZXqx2RrAw=",
            "id": "fpa-project-503309/roles/bigquery.jobUser/serviceAccount:fastapi-reporting@fpa-project-503309.iam.gserviceaccount.com",
            "member": "serviceAccount:fastapi-reporting@fpa-project-503309.iam.gserviceaccount.com",
            "project": "fpa-project-503309",
            "role": "roles/bigquery.jobUser"
          },
          "sensitive_attributes": [],
          "identity_schema_version": 0,
          "private": "bnVsbA==",
          "dependencies": [
            "google_service_account.fastapi_reporting"
          ]
        }
      ]
    },
    {
      "mode": "managed",
      "type": "google_pubsub_subscription",
      "name": "budget_breaches_alerts_sub",
      "provider": "provider[\"registry.terraform.io/hashicorp/google\"]",
      "instances": [
        {
          "schema_version": 0,
          "attributes": {
            "ack_deadline_seconds": 30,
            "bigquery_config": [],
            "cloud_storage_config": [],
            "dead_letter_policy": [],
            "effective_labels": {},
            "enable_exactly_once_delivery": false,
            "enable_message_ordering": false,
            "expiration_policy": [
              {
                "ttl": ""
              }
            ],
            "filter": "",
            "id": "projects/fpa-project-503309/subscriptions/budget-breaches-alerts-sub",
            "labels": null,
            "message_retention_duration": "604800s",
            "name": "budget-breaches-alerts-sub",
            "project": "fpa-project-503309",
            "push_config": [],
            "retain_acked_messages": false,
            "retry_policy": [],
            "terraform_labels": {},
            "timeouts": null,
            "topic": "projects/fpa-project-503309/topics/budget-breaches-alerts"
          },
          "sensitive_attributes": [],
          "identity_schema_version": 0,
          "private": "eyJlMmJmYjczMC1lY2FhLTExZTYtOGY4OC0zNDM2M2JjN2M0YzAiOnsiY3JlYXRlIjoxMjAwMDAwMDAwMDAwLCJkZWxldGUiOjEyMDAwMDAwMDAwMDAsInVwZGF0ZSI6MTIwMDAwMDAwMDAwMH19",
          "dependencies": [
            "google_pubsub_topic.budget_breaches_alerts"
          ]
        }
      ]
    },
    {
      "mode": "managed",
      "type": "google_pubsub_subscription",
      "name": "transactions_sub",
      "provider": "provider[\"registry.terraform.io/hashicorp/google\"]",
      "instances": [
        {
          "schema_version": 0,
          "attributes": {
            "ack_deadline_seconds": 60,
            "bigquery_config": [],
            "cloud_storage_config": [],
            "dead_letter_policy": [],
            "effective_labels": {},
            "enable_exactly_once_delivery": false,
            "enable_message_ordering": false,
            "expiration_policy": [
              {
                "ttl": ""
              }
            ],
            "filter": "",
            "id": "projects/fpa-project-503309/subscriptions/transactions-sub",
            "labels": null,
            "message_retention_duration": "604800s",
            "name": "transactions-sub",
            "project": "fpa-project-503309",
            "push_config": [],
            "retain_acked_messages": false,
            "retry_policy": [
              {
                "maximum_backoff": "600s",
                "minimum_backoff": "10s"
              }
            ],
            "terraform_labels": {},
            "timeouts": null,
            "topic": "projects/fpa-project-503309/topics/transactions"
          },
          "sensitive_attributes": [],
          "identity_schema_version": 0,
          "private": "eyJlMmJmYjczMC1lY2FhLTExZTYtOGY4OC0zNDM2M2JjN2M0YzAiOnsiY3JlYXRlIjoxMjAwMDAwMDAwMDAwLCJkZWxldGUiOjEyMDAwMDAwMDAwMDAsInVwZGF0ZSI6MTIwMDAwMDAwMDAwMH19",
          "dependencies": [
            "google_pubsub_topic.transactions"
          ]
        }
      ]
    },
    {
      "mode": "managed",
      "type": "google_pubsub_topic",
      "name": "budget_breaches_alerts",
      "provider": "provider[\"registry.terraform.io/hashicorp/google\"]",
      "instances": [
        {
          "schema_version": 0,
          "attributes": {
            "effective_labels": {},
            "id": "projects/fpa-project-503309/topics/budget-breaches-alerts",
            "ingestion_data_source_settings": [],
            "kms_key_name": "",
            "labels": null,
            "message_retention_duration": "604800s",
            "message_storage_policy": [],
            "name": "budget-breaches-alerts",
            "project": "fpa-project-503309",
            "schema_settings": [],
            "terraform_labels": {},
            "timeouts": null
          },
          "sensitive_attributes": [],
          "identity_schema_version": 0,
          "private": "eyJlMmJmYjczMC1lY2FhLTExZTYtOGY4OC0zNDM2M2JjN2M0YzAiOnsiY3JlYXRlIjoxMjAwMDAwMDAwMDAwLCJkZWxldGUiOjEyMDAwMDAwMDAwMDAsInVwZGF0ZSI6MTIwMDAwMDAwMDAwMH19"
        }
      ]
    },
    {
      "mode": "managed",
      "type": "google_pubsub_topic",
      "name": "transactions",
      "provider": "provider[\"registry.terraform.io/hashicorp/google\"]",
      "instances": [
        {
          "schema_version": 0,
          "attributes": {
            "effective_labels": {},
            "id": "projects/fpa-project-503309/topics/transactions",
            "ingestion_data_source_settings": [],
            "kms_key_name": "",
            "labels": null,
            "message_retention_duration": "86400s",
            "message_storage_policy": [],
            "name": "transactions",
            "project": "fpa-project-503309",
            "schema_settings": [],
            "terraform_labels": {},
            "timeouts": null
          },
          "sensitive_attributes": [],
          "identity_schema_version": 0,
          "private": "eyJlMmJmYjczMC1lY2FhLTExZTYtOGY4OC0zNDM2M2JjN2M0YzAiOnsiY3JlYXRlIjoxMjAwMDAwMDAwMDAwLCJkZWxldGUiOjEyMDAwMDAwMDAwMDAsInVwZGF0ZSI6MTIwMDAwMDAwMDAwMH19"
        }
      ]
    },
    {
      "mode": "managed",
      "type": "google_service_account",
      "name": "fastapi_reporting",
      "provider": "provider[\"registry.terraform.io/hashicorp/google\"]",
      "instances": [
        {
          "schema_version": 0,
          "attributes": {
            "account_id": "fastapi-reporting",
            "create_ignore_already_exists": null,
            "description": "",
            "disabled": false,
            "display_name": "FastAPI Reporting API Service Account",
            "email": "fastapi-reporting@fpa-project-503309.iam.gserviceaccount.com",
            "id": "projects/fpa-project-503309/serviceAccounts/fastapi-reporting@fpa-project-503309.iam.gserviceaccount.com",
            "member": "serviceAccount:fastapi-reporting@fpa-project-503309.iam.gserviceaccount.com",
            "name": "projects/fpa-project-503309/serviceAccounts/fastapi-reporting@fpa-project-503309.iam.gserviceaccount.com",
            "project": "fpa-project-503309",
            "timeouts": null,
            "unique_id": "118151709750529899811"
          },
          "sensitive_attributes": [],
          "identity_schema_version": 0,
          "private": "eyJlMmJmYjczMC1lY2FhLTExZTYtOGY4OC0zNDM2M2JjN2M0YzAiOnsiY3JlYXRlIjozMDAwMDAwMDAwMDB9fQ=="
        }
      ]
    },
    {
      "mode": "managed",
      "type": "google_service_account",
      "name": "github_deployer",
      "provider": "provider[\"registry.terraform.io/hashicorp/google\"]",
      "instances": [
        {
          "schema_version": 0,
          "attributes": {
            "account_id": "github-deployer",
            "create_ignore_already_exists": null,
            "description": "",
            "disabled": false,
            "display_name": "GitHub Actions CI/CD Deployer Service Account",
            "email": "github-deployer@fpa-project-503309.iam.gserviceaccount.com",
            "id": "projects/fpa-project-503309/serviceAccounts/github-deployer@fpa-project-503309.iam.gserviceaccount.com",
            "member": "serviceAccount:github-deployer@fpa-project-503309.iam.gserviceaccount.com",
            "name": "projects/fpa-project-503309/serviceAccounts/github-deployer@fpa-project-503309.iam.gserviceaccount.com",
            "project": "fpa-project-503309",
            "timeouts": null,
            "unique_id": "105177031815698048064"
          },
          "sensitive_attributes": [],
          "identity_schema_version": 0,
          "private": "eyJlMmJmYjczMC1lY2FhLTExZTYtOGY4OC0zNDM2M2JjN2M0YzAiOnsiY3JlYXRlIjozMDAwMDAwMDAwMDB9fQ=="
        }
      ]
    },
    {
      "mode": "managed",
      "type": "google_service_account_iam_member",
      "name": "wif_impersonation",
      "provider": "provider[\"registry.terraform.io/hashicorp/google\"]",
      "instances": [
        {
          "schema_version": 0,
          "attributes": {
            "condition": [],
            "etag": "BwZXqx2ixYo=",
            "id": "projects/fpa-project-503309/serviceAccounts/github-deployer@fpa-project-503309.iam.gserviceaccount.com/roles/iam.workloadIdentityUser/principalSet://iam.googleapis.com/projects/720446044579/locations/global/workloadIdentityPools/fpa-github-pool/attribute.repository/perfectdash/FPA",
            "member": "principalSet://iam.googleapis.com/projects/720446044579/locations/global/workloadIdentityPools/fpa-github-pool/attribute.repository/perfectdash/FPA",
            "role": "roles/iam.workloadIdentityUser",
            "service_account_id": "projects/fpa-project-503309/serviceAccounts/github-deployer@fpa-project-503309.iam.gserviceaccount.com"
          },
          "sensitive_attributes": [],
          "identity_schema_version": 0,
          "private": "bnVsbA==",
          "dependencies": [
            "google_iam_workload_identity_pool.github_pool",
            "google_service_account.github_deployer"
          ]
        }
      ]
    },
    {
      "mode": "managed",
      "type": "google_sql_database",
      "name": "budget_registry",
      "provider": "provider[\"registry.terraform.io/hashicorp/google\"]",
      "instances": [
        {
          "schema_version": 0,
          "attributes": {
            "charset": "UTF8",
            "collation": "en_US.UTF8",
            "deletion_policy": "DELETE",
            "id": "projects/fpa-project-503309/instances/fpa-budget-db/databases/budget_registry",
            "instance": "fpa-budget-db",
            "name": "budget_registry",
            "project": "fpa-project-503309",
            "self_link": "https://sqladmin.googleapis.com/sql/v1beta4/projects/fpa-project-503309/instances/fpa-budget-db/databases/budget_registry",
            "timeouts": null
          },
          "sensitive_attributes": [],
          "identity_schema_version": 0,
          "private": "eyJlMmJmYjczMC1lY2FhLTExZTYtOGY4OC0zNDM2M2JjN2M0YzAiOnsiY3JlYXRlIjoxMjAwMDAwMDAwMDAwLCJkZWxldGUiOjEyMDAwMDAwMDAwMDAsInVwZGF0ZSI6MTIwMDAwMDAwMDAwMH19",
          "dependencies": [
            "google_sql_database_instance.postgres"
          ]
        }
      ]
    },
    {
      "mode": "managed",
      "type": "google_sql_database_instance",
      "name": "postgres",
      "provider": "provider[\"registry.terraform.io/hashicorp/google\"]",
      "instances": [
        {
          "schema_version": 0,
          "attributes": {
            "available_maintenance_versions": [],
            "clone": [],
            "connection_name": "fpa-project-503309:us-central1:fpa-budget-db",
            "database_version": "POSTGRES_15",
            "deletion_protection": true,
            "dns_name": "",
            "encryption_key_name": null,
            "first_ip_address": "35.232.152.55",
            "id": "fpa-budget-db",
            "instance_type": "CLOUD_SQL_INSTANCE",
            "ip_address": [
              {
                "ip_address": "35.232.152.55",
                "time_to_retire": "",
                "type": "PRIMARY"
              },
              {
                "ip_address": "34.173.149.79",
                "time_to_retire": "",
                "type": "OUTGOING"
              }
            ],
            "maintenance_version": "POSTGRES_15_18.R20260319.07_22",
            "master_instance_name": "",
            "name": "fpa-budget-db",
            "private_ip_address": "",
            "project": "fpa-project-503309",
            "psc_service_attachment_link": "",
            "public_ip_address": "35.232.152.55",
            "region": "us-central1",
            "replica_configuration": [],
            "restore_backup_context": [],
            "root_password": null,
            "self_link": "https://sqladmin.googleapis.com/sql/v1beta4/projects/fpa-project-503309/instances/fpa-budget-db",
            "server_ca_cert": [
              {
                "cert": "-----BEGIN CERTIFICATE-----\nMIIDcTCCAlmgAwIBAgIBADANBgkqhkiG9w0BAQsFADBwMS0wKwYDVQQuEyQwODQy\nM2JkNi05Y2YyLTQ1ZDktOTI1Yy0zYWRjOWJlMTFjYTkxHDAaBgNVBAMTE0Nsb3Vk\nIFNRTCBTZXJ2ZXIgQ0ExFDASBgNVBAoTC0dvb2dsZSwgSW5jMQswCQYDVQQGEwJV\nUzAeFw0yNjA3MjgxMjM4NDhaFw0zNjA3MjUxMjM5NDhaMHAxLTArBgNVBC4TJDA4\nNDIzYmQ2LTljZjItNDVkOS05MjVjLTNhZGM5YmUxMWNhOTEcMBoGA1UEAxMTQ2xv\ndWQgU1FMIFNlcnZlciBDQTEUMBIGA1UEChMLR29vZ2xlLCBJbmMxCzAJBgNVBAYT\nAlVTMIIBIjANBgkqhkiG9w0BAQEFAAOCAQ8AMIIBCgKCAQEAvuDdWek0s+qV+Rhg\ngWGhgBiNLGsP7s926VjygPUo3lhR/5ug59EEy6WsWsncDARPeW9aUJkd9BMdT/As\nIXrEiGKZniM7HVY6HTFIoro2YeQbE+gMdI0gyu8wf3kxXvJLTPWvl4wp17WPbqGZ\nX+YtiRia8DNhWZOy9fjq4yMoDW3uZLmamgeZX7Tkagqq8TsGiPbBdPcdv896+P+f\nx5uBWCm3N+IWrjLc2J0xT80lly2hv6dJdEDZNAgMt9gRtQGhWP8GWbhnehRYAjgr\ndxRTaThKaizaG8esAFoV42ALFcsPSAM+QpvySn8IyLm/cZ2f588shU4/lD44gMm5\nYpSnVwIDAQABoxYwFDASBgNVHRMBAf8ECDAGAQH/AgEAMA0GCSqGSIb3DQEBCwUA\nA4IBAQAt4wzFcefdIwnR0nc1T6Js4RN03movVwIV1aG9B2N85mWt7h1TC1puk24a\nUBYZZt4x7PB6GJn/FQBQsu12ZVQrRLVGY8Ya9TlJyEEyM+wwAyTh5yFYCQw8mj58\n+UJpeHcw7IB9UO84GvlON6+Vsiqmp1OmWwg6hX71oITpzYoPjdH8CG4RtQVi9myo\nOhejknrLhL3IS0To6zavljOU4yChRndHFvDYt2Isvk8aMgA9A0iN69Bj0dy9VxY9\noi811PJVOedAY+OkBz3wzoGoje3jBZwD871VQM9rozNZZ7FZEabf70hu9brj4OLI\nFO3+4JLI6/dTX65uzdzjWL4qBELS\n-----END CERTIFICATE-----",
                "common_name": "C=US,O=Google\\, Inc,CN=Cloud SQL Server CA,dnQualifier=08423bd6-9cf2-45d9-925c-3adc9be11ca9",
                "create_time": "2026-07-28T12:38:48.229Z",
                "expiration_time": "2036-07-25T12:39:48.229Z",
                "sha1_fingerprint": "6206f7a0c37687d8dedd3d0764c25b800e4f65ff"
              }
            ],
            "service_account_email_address": "p720446044579-lbkha5@gcp-sa-cloud-sql.iam.gserviceaccount.com",
            "settings": [
              {
                "activation_policy": "ALWAYS",
                "active_directory_config": [],
                "advanced_machine_features": [],
                "availability_type": "ZONAL",
                "backup_configuration": [
                  {
                    "backup_retention_settings": [
                      {
                        "retained_backups": 7,
                        "retention_unit": "COUNT"
                      }
                    ],
                    "binary_log_enabled": false,
                    "enabled": false,
                    "location": "",
                    "point_in_time_recovery_enabled": false,
                    "start_time": "10:00",
                    "transaction_log_retention_days": 7
                  }
                ],
                "collation": "",
                "connector_enforcement": "NOT_REQUIRED",
                "data_cache_config": [],
                "database_flags": [],
                "deletion_protection_enabled": false,
                "deny_maintenance_period": [],
                "disk_autoresize": true,
                "disk_autoresize_limit": 0,
                "disk_size": 10,
                "disk_type": "PD_SSD",
                "edition": "ENTERPRISE",
                "enable_google_ml_integration": false,
                "insights_config": [],
                "ip_configuration": [
                  {
                    "allocated_ip_range": "",
                    "authorized_networks": [],
                    "enable_private_path_for_google_cloud_services": false,
                    "ipv4_enabled": true,
                    "private_network": "",
                    "psc_config": [],
                    "require_ssl": false,
                    "ssl_mode": ""
                  }
                ],
                "location_preference": [
                  {
                    "follow_gae_application": "",
                    "secondary_zone": "",
                    "zone": "us-central1-a"
                  }
                ],
                "maintenance_window": [],
                "password_validation_policy": [],
                "pricing_plan": "PER_USE",
                "sql_server_audit_config": [],
                "tier": "db-custom-1-3840",
                "time_zone": "",
                "user_labels": {},
                "version": 1
              }
            ],
            "timeouts": null
          },
          "sensitive_attributes": [
            [
              {
                "type": "get_attr",
                "value": "root_password"
              }
            ],
            [
              {
                "type": "get_attr",
                "value": "server_ca_cert"
              }
            ]
          ],
          "identity_schema_version": 0,
          "private": "eyJlMmJmYjczMC1lY2FhLTExZTYtOGY4OC0zNDM2M2JjN2M0YzAiOnsiY3JlYXRlIjoyNDAwMDAwMDAwMDAwLCJkZWxldGUiOjE4MDAwMDAwMDAwMDAsInVwZGF0ZSI6MTgwMDAwMDAwMDAwMH19"
        }
      ]
    },
    {
      "mode": "managed",
      "type": "google_sql_user",
      "name": "pgadmin",
      "provider": "provider[\"registry.terraform.io/hashicorp/google\"]",
      "instances": [
        {
          "schema_version": 1,
          "attributes": {
            "deletion_policy": null,
            "host": "",
            "id": "pgadmin//fpa-budget-db",
            "instance": "fpa-budget-db",
            "name": "pgadmin",
            "password": "admin987",
            "password_policy": [],
            "project": "fpa-project-503309",
            "sql_server_user_details": [],
            "timeouts": null,
            "type": ""
          },
          "sensitive_attributes": [
            [
              {
                "type": "get_attr",
                "value": "password"
              }
            ]
          ],
          "identity_schema_version": 0,
          "private": "eyJlMmJmYjczMC1lY2FhLTExZTYtOGY4OC0zNDM2M2JjN2M0YzAiOnsiY3JlYXRlIjo2MDAwMDAwMDAwMDAsImRlbGV0ZSI6NjAwMDAwMDAwMDAwLCJ1cGRhdGUiOjYwMDAwMDAwMDAwMH0sInNjaGVtYV92ZXJzaW9uIjoiMSJ9",
          "dependencies": [
            "google_sql_database_instance.postgres"
          ]
        }
      ]
    },
    {
      "mode": "managed",
      "type": "google_storage_bucket",
      "name": "dataflow_storage",
      "provider": "provider[\"registry.terraform.io/hashicorp/google\"]",
      "instances": [
        {
          "schema_version": 1,
          "attributes": {
            "autoclass": [],
            "cors": [],
            "custom_placement_config": [],
            "default_event_based_hold": false,
            "effective_labels": {},
            "enable_object_retention": false,
            "encryption": [],
            "force_destroy": true,
            "id": "fpa-project-503309-dataflow-storage",
            "labels": null,
            "lifecycle_rule": [
              {
                "action": [
                  {
                    "storage_class": "",
                    "type": "Delete"
                  }
                ],
                "condition": [
                  {
                    "age": 30,
                    "created_before": "",
                    "custom_time_before": "",
                    "days_since_custom_time": 0,
                    "days_since_noncurrent_time": 0,
                    "matches_prefix": [],
                    "matches_storage_class": [],
                    "matches_suffix": [],
                    "no_age": false,
                    "noncurrent_time_before": "",
                    "num_newer_versions": 0,
                    "with_state": "ANY"
                  }
                ]
              }
            ],
            "location": "US-CENTRAL1",
            "logging": [],
            "name": "fpa-project-503309-dataflow-storage",
            "project": "fpa-project-503309",
            "project_number": 720446044579,
            "public_access_prevention": "inherited",
            "requester_pays": false,
            "retention_policy": [],
            "rpo": null,
            "self_link": "https://www.googleapis.com/storage/v1/b/fpa-project-503309-dataflow-storage",
            "soft_delete_policy": [
              {
                "effective_time": "2026-07-28T12:38:12.531Z",
                "retention_duration_seconds": 604800
              }
            ],
            "storage_class": "STANDARD",
            "terraform_labels": {},
            "timeouts": null,
            "uniform_bucket_level_access": true,
            "url": "gs://fpa-project-503309-dataflow-storage",
            "versioning": [
              {
                "enabled": true
              }
            ],
            "website": []
          },
          "sensitive_attributes": [],
          "identity_schema_version": 0,
          "private": "eyJlMmJmYjczMC1lY2FhLTExZTYtOGY4OC0zNDM2M2JjN2M0YzAiOnsiY3JlYXRlIjo2MDAwMDAwMDAwMDAsInJlYWQiOjI0MDAwMDAwMDAwMCwidXBkYXRlIjoyNDAwMDAwMDAwMDB9LCJzY2hlbWFfdmVyc2lvbiI6IjEifQ=="
        }
      ]
    },
    {
      "mode": "managed",
      "type": "google_storage_bucket_iam_member",
      "name": "github_deployer_bucket_access",
      "provider": "provider[\"registry.terraform.io/hashicorp/google\"]",
      "instances": [
        {
          "schema_version": 0,
          "attributes": {
            "bucket": "b/fpa-project-503309-dataflow-storage",
            "condition": [],
            "etag": "CAI=",
            "id": "b/fpa-project-503309-dataflow-storage/roles/storage.objectAdmin/serviceAccount:github-deployer@fpa-project-503309.iam.gserviceaccount.com",
            "member": "serviceAccount:github-deployer@fpa-project-503309.iam.gserviceaccount.com",
            "role": "roles/storage.objectAdmin"
          },
          "sensitive_attributes": [],
          "identity_schema_version": 0,
          "private": "bnVsbA==",
          "dependencies": [
            "google_service_account.github_deployer",
            "google_storage_bucket.dataflow_storage"
          ]
        }
      ]
    }
  ],
  "check_results": null
}
